
Microsoft Visual Studio Solution File, Format Version 12.00
# Visual Studio Version 17
VisualStudioVersion = 17.0.32014.148
MinimumVisualStudioVersion = 10.0.40219.1
Project("{9A19103F-16F7-4668-BE54-9A1E7A4F7556}") = "And9.Lib.Models.Abstractions", "src\And9.Lib.Models.Abstractions\And9.Lib.Models.Abstractions.csproj", "{3A9DBE19-7388-4C56-9B63-9305878197D5}"
EndProject
Project("{9A19103F-16F7-4668-BE54-9A1E7A4F7556}") = "And9.Lib.Broker", "src\And9.Lib.Broker\And9.Lib.Broker.csproj", "{2185E812-B371-47AA-B66A-ADDBB7F4DFF0}"
EndProject
Project("{9A19103F-16F7-4668-BE54-9A1E7A4F7556}") = "And9.Lib.Utility", "src\And9.Lib.Utility\And9.Lib.Utility.csproj", "{C5AD76DC-018C-496B-9050-59AF96B11D28}"
EndProject
Project("{9A19103F-16F7-4668-BE54-9A1E7A4F7556}") = "And9.Integration.Steam", "src\And9.Integration.Steam\And9.Integration.Steam.csproj", "{6C92D9DC-CA80-42F8-8495-88907F18D386}"
EndProject
Project("{E53339B2-1760-4266-BCC7-CA923CBCF16C}") = "docker-compose", "docker-compose.dcproj", "{06AA7DDB-9A01-4AA0-9EBC-B426B5D393FA}"
EndProject
Project("{9A19103F-16F7-4668-BE54-9A1E7A4F7556}") = "And9.Integration.Steam.Senders", "src\And9.Integration.Steam.Senders\And9.Integration.Steam.Senders.csproj", "{5B7BBBD2-4A2E-4294-98F1-9C302C5E4FCC}"
EndProject
Project("{9A19103F-16F7-4668-BE54-9A1E7A4F7556}") = "And9.Integration.VK.Senders", "src\And9.Integration.VK.Senders\And9.Integration.VK.Senders.csproj", "{BCA6EB8E-5BD9-4311-A8A0-AB9BA9CE99F9}"
EndProject
Project("{9A19103F-16F7-4668-BE54-9A1E7A4F7556}") = "And9.Integration.VK", "src\And9.Integration.VK\And9.Integration.VK.csproj", "{42273C9E-A8E9-4E0B-B60F-63ED03477CFD}"
EndProject
Project("{9A19103F-16F7-4668-BE54-9A1E7A4F7556}") = "And9.Integration.Discord.Senders", "src\And9.Integration.Discord.Senders\And9.Integration.Discord.Senders.csproj", "{D85F2B7B-DCB7-4587-9DB4-C76889A46FB7}"
EndProject
Project("{9A19103F-16F7-4668-BE54-9A1E7A4F7556}") = "And9.Integration.Discord.Database", "src\And9.Integration.Discord.Database\And9.Integration.Discord.Database.csproj", "{0F4CF618-80A7-4190-8E1D-78012CD49BDD}"
EndProject
Project("{9A19103F-16F7-4668-BE54-9A1E7A4F7556}") = "And9.Integration.Discord.Abstractions", "src\And9.Integration.Discord.Abstractions\And9.Integration.Discord.Abstractions.csproj", "{61AA6181-4935-4C64-BDEC-374AFC0CB8A8}"
EndProject
Project("{9A19103F-16F7-4668-BE54-9A1E7A4F7556}") = "And9.Service.Core.Abstractions", "src\And9.Service.Core.Abstractions\And9.Service.Core.Abstractions.csproj", "{F2EF26FC-779D-4D6E-A05F-02F03EBEF575}"
EndProject
Project("{9A19103F-16F7-4668-BE54-9A1E7A4F7556}") = "And9.Service.Award.Abstractions", "src\And9.Service.Award.Abstractions\And9.Service.Award.Abstractions.csproj", "{773B81B2-19D8-4714-83A5-C48291F043B4}"
EndProject
Project("{9A19103F-16F7-4668-BE54-9A1E7A4F7556}") = "And9.Service.Auth.Abstractions", "src\And9.Service.Auth.Abstractions\And9.Service.Auth.Abstractions.csproj", "{8CA23C38-FF7F-4F2F-8489-5BF40673FB50}"
EndProject
Project("{9A19103F-16F7-4668-BE54-9A1E7A4F7556}") = "And9.Service.Squad.Abstractions", "src\And9.Service.Squad.Abstractions\And9.Service.Squad.Abstractions.csproj", "{F85D0806-3850-4D77-B754-A02D9F4FD02B}"
EndProject
Project("{9A19103F-16F7-4668-BE54-9A1E7A4F7556}") = "And9.Integration.Discord", "src\And9.Integration.Discord\And9.Integration.Discord.csproj", "{5CCDD9D3-9F33-4115-B888-193C8445F4E9}"
EndProject
Project("{2150E333-8FDC-42A3-9474-1A3956D46DE8}") = "Lib", "Lib", "{C1A7C64D-A361-48A0-8F02-504BF70D64FF}"
EndProject
Project("{2150E333-8FDC-42A3-9474-1A3956D46DE8}") = "Integration", "Integration", "{695B6E77-1264-4E27-A3CE-92E8EA4F034E}"
EndProject
Project("{2150E333-8FDC-42A3-9474-1A3956D46DE8}") = "VK", "VK", "{2E43A40B-BF0C-4A31-9EC2-BBC300FC0D13}"
EndProject
Project("{2150E333-8FDC-42A3-9474-1A3956D46DE8}") = "Steam", "Steam", "{A2B461CA-6E0B-4818-A255-13278D36B565}"
EndProject
Project("{2150E333-8FDC-42A3-9474-1A3956D46DE8}") = "Discord", "Discord", "{C9D43235-1D43-41A2-88DE-1BFADB7A44C4}"
EndProject
Project("{2150E333-8FDC-42A3-9474-1A3956D46DE8}") = "Service", "Service", "{22FEB4EC-2AD9-4A3A-B994-1CAE83FED624}"
EndProject
Project("{2150E333-8FDC-42A3-9474-1A3956D46DE8}") = "Auth", "Auth", "{16A10B0F-8B97-46A1-A203-8D970F78AECE}"
EndProject
Project("{2150E333-8FDC-42A3-9474-1A3956D46DE8}") = "Award", "Award", "{36A5E830-6B37-4938-A14F-4FC075065D7E}"
EndProject
Project("{2150E333-8FDC-42A3-9474-1A3956D46DE8}") = "Core", "Core", "{B80C571F-9477-4C1A-B9C9-E00039E1FA56}"
EndProject
Project("{2150E333-8FDC-42A3-9474-1A3956D46DE8}") = "Election", "Election", "{B2142AE1-DB4C-40B3-BBC8-090E7219AF03}"
EndProject
Project("{2150E333-8FDC-42A3-9474-1A3956D46DE8}") = "Quest", "Quest", "{2B1F79C4-E8C7-4B0F-BA02-C1FFDAE63222}"
EndProject
Project("{2150E333-8FDC-42A3-9474-1A3956D46DE8}") = "Squad", "Squad", "{078D0845-AB95-41A0-BF9A-F97424856FDE}"
EndProject
Project("{2150E333-8FDC-42A3-9474-1A3956D46DE8}") = "Storage", "Storage", "{C6C07FF4-F3E5-47D2-951B-1E4E659ACAAD}"
EndProject
Project("{2150E333-8FDC-42A3-9474-1A3956D46DE8}") = "Voting", "Voting", "{D640B8C5-54FC-44B4-8C06-4236CB0E0732}"
EndProject
Project("{2150E333-8FDC-42A3-9474-1A3956D46DE8}") = "Gateway", "Gateway", "{861C8EBE-9522-45BA-8A61-B2CDBEFD28D9}"
EndProject
Project("{2150E333-8FDC-42A3-9474-1A3956D46DE8}") = "Client", "Client", "{053782CF-9B46-45A0-B41D-00D5E70A7928}"
EndProject
Project("{2150E333-8FDC-42A3-9474-1A3956D46DE8}") = "Plugin", "Plugin", "{94826A8F-790D-4C86-97AF-AB908690EA54}"
EndProject
Project("{9A19103F-16F7-4668-BE54-9A1E7A4F7556}") = "And9.Service.Core.Database", "src\And9.Service.Core.Database\And9.Service.Core.Database.csproj", "{2495962B-5B43-4583-B5E0-0AF51694ACF2}"
EndProject
Project("{9A19103F-16F7-4668-BE54-9A1E7A4F7556}") = "And9.Lib.Database", "src\And9.Lib.Database\And9.Lib.Database.csproj", "{2676CBA5-8575-4562-9A29-EB7363635EC5}"
EndProject
Project("{9A19103F-16F7-4668-BE54-9A1E7A4F7556}") = "And9.Gateway.Clan", "src\And9.Gateway.Clan\And9.Gateway.Clan.csproj", "{9789EEC7-8247-41B7-87BD-C4269817CF2B}"
EndProject
Project("{9A19103F-16F7-4668-BE54-9A1E7A4F7556}") = "And9.Integration.Discord.API", "src\And9.Integration.Discord.API\And9.Integration.Discord.API.csproj", "{CE89CAE5-C61B-48B5-9A24-C67445915CA9}"
EndProject
Project("{2150E333-8FDC-42A3-9474-1A3956D46DE8}") = "Clan", "Clan", "{982135B1-63CB-4BD2-BE1E-B89F2CB427F7}"
EndProject
Project("{9A19103F-16F7-4668-BE54-9A1E7A4F7556}") = "And9.Gateway.Clan.Client", "src\And9.Gateway.Clan.Client\And9.Gateway.Clan.Client.csproj", "{9D2D592B-0C41-4271-B6C0-119746F589E7}"
EndProject
Project("{9A19103F-16F7-4668-BE54-9A1E7A4F7556}") = "And9.Service.Auth.Database", "src\And9.Service.Auth.Database\And9.Service.Auth.Database.csproj", "{EC3F6273-86C7-43EC-947D-E826BD1F2E40}"
EndProject
Project("{9A19103F-16F7-4668-BE54-9A1E7A4F7556}") = "And9.Service.Auth.Senders", "src\And9.Service.Auth.Senders\And9.Service.Auth.Senders.csproj", "{C4EFEFEF-81F7-4FBD-888F-EFA396B795EA}"
EndProject
Project("{9A19103F-16F7-4668-BE54-9A1E7A4F7556}") = "And9.Service.Auth.API", "src\And9.Service.Auth.API\And9.Service.Auth.API.csproj", "{8CB61F9D-9147-4B94-8852-28B16086B8C1}"
EndProject
Project("{9A19103F-16F7-4668-BE54-9A1E7A4F7556}") = "And9.Service.Auth", "src\And9.Service.Auth\And9.Service.Auth.csproj", "{2EA05AFE-2AAE-4568-9770-9C1EF6D697D0}"
EndProject
Project("{9A19103F-16F7-4668-BE54-9A1E7A4F7556}") = "And9.Lib.API", "src\And9.Lib.API\And9.Lib.API.csproj", "{49D2217C-85BD-4A89-8E5E-3CD126F57F0B}"
EndProject
Project("{9A19103F-16F7-4668-BE54-9A1E7A4F7556}") = "And9.Service.Core.Senders", "src\And9.Service.Core.Senders\And9.Service.Core.Senders.csproj", "{664F1FAB-CCB3-4C17-89D2-64A636C1A32B}"
EndProject
Project("{9A19103F-16F7-4668-BE54-9A1E7A4F7556}") = "And9.Service.Core.API", "src\And9.Service.Core.API\And9.Service.Core.API.csproj", "{6F4886DA-A9E3-4706-B88D-99CDE530BE96}"
EndProject
Project("{9A19103F-16F7-4668-BE54-9A1E7A4F7556}") = "And9.Service.Core", "src\And9.Service.Core\And9.Service.Core.csproj", "{BF7C92EE-603E-43D8-9C21-FA186FA2199D}"
EndProject
Project("{9A19103F-16F7-4668-BE54-9A1E7A4F7556}") = "And9.Lib.Formatters", "src\And9.Lib.Formatters\And9.Lib.Formatters.csproj", "{05C744EA-2E3B-4B23-99E4-01897DFBA94B}"
EndProject
Project("{D954291E-2A0B-460D-934E-DC6B0785DB48}") = "And9.Client.Clan.Shared", "src\And9.Client.Clan\And9.Client.Clan.Shared\And9.Client.Clan.Shared.shproj", "{6279C845-92F8-4333-AB99-3D213163593C}"
EndProject
Project("{9A19103F-16F7-4668-BE54-9A1E7A4F7556}") = "And9.Client.Clan.Wasm", "src\And9.Client.Clan\And9.Client.Clan.Wasm\And9.Client.Clan.Wasm.csproj", "{D4FF3105-EA33-4B36-80E1-78787327FD00}"
EndProject
Project("{9A19103F-16F7-4668-BE54-9A1E7A4F7556}") = "And9.Client.Clan.Windows.Desktop", "src\And9.Client.Clan\And9.Client.Clan.Windows.Desktop\And9.Client.Clan.Windows.Desktop.csproj", "{266AE59C-ECA5-4F07-9D0D-FF657B7BCFF6}"
EndProject
Project("{C7167F0D-BC9F-4E6E-AFE1-012C56B48DB5}") = "And9.Client.Clan.Windows.Package", "src\And9.Client.Clan\And9.Client.Clan.Windows.Package\And9.Client.Clan.Windows.Package.wapproj", "{B16237E8-61A3-49AB-9FF0-F80842899AC6}"
EndProject
Project("{9A19103F-16F7-4668-BE54-9A1E7A4F7556}") = "And9.Client.Clan.Skia.WPF", "src\And9.Client.Clan\And9.Client.Clan.Skia.WPF\And9.Client.Clan.Skia.WPF.csproj", "{C06B2334-1106-4CEA-A717-BEF000CC0777}"
EndProject
Project("{9A19103F-16F7-4668-BE54-9A1E7A4F7556}") = "And9.Client.Clan.Skia.Wpf.Host", "src\And9.Client.Clan\And9.Client.Clan.Skia.WPF.Host\And9.Client.Clan.Skia.Wpf.Host.csproj", "{F053E912-8B07-4890-B648-BF54914CFBC0}"
EndProject
Project("{9A19103F-16F7-4668-BE54-9A1E7A4F7556}") = "And9.Service.Award.Senders", "src\And9.Service.Award.Senders\And9.Service.Award.Senders.csproj", "{D5714340-DF2F-46F2-AC84-17D14FCBA2B7}"
EndProject
Project("{9A19103F-16F7-4668-BE54-9A1E7A4F7556}") = "And9.Service.Award.Database", "src\And9.Service.Award.Database\And9.Service.Award.Database.csproj", "{4136A2AF-137C-4D1D-9FCF-5D7D37316166}"
EndProject
Project("{9A19103F-16F7-4668-BE54-9A1E7A4F7556}") = "And9.Service.Award.API", "src\And9.Service.Award.API\And9.Service.Award.API.csproj", "{44455C4B-D489-48D6-9E64-AD6EC3577723}"
EndProject
Project("{9A19103F-16F7-4668-BE54-9A1E7A4F7556}") = "And9.Service.Award", "src\And9.Service.Award\And9.Service.Award.csproj", "{DA9FA7FB-857C-47FC-A9F6-5A52F471C701}"
EndProject
Project("{9A19103F-16F7-4668-BE54-9A1E7A4F7556}") = "And9.Client.Clan.Config", "src\And9.Client.Clan\And9.Client.Clan.Config\And9.Client.Clan.Config.csproj", "{FDDEE343-33B0-4F60-820F-56513C4C7AAF}"
EndProject
Project("{9A19103F-16F7-4668-BE54-9A1E7A4F7556}") = "And9.Gateway.Clan.Senders", "src\And9.Gateway.Clan.Senders\And9.Gateway.Clan.Senders.csproj", "{25A032A7-70C9-4112-AB03-3998951866E0}"
EndProject
Project("{9A19103F-16F7-4668-BE54-9A1E7A4F7556}") = "And9.Service.Squad.Database", "src\And9.Service.Squad.Database\And9.Service.Squad.Database.csproj", "{278F8EFF-E1B9-48BE-80F8-A735D498106E}"
EndProject
Project("{9A19103F-16F7-4668-BE54-9A1E7A4F7556}") = "And9.Service.Election.Abstractions", "src\And9.Service.Election.Abstractions\And9.Service.Election.Abstractions.csproj", "{BBE4C908-5D4D-4B0D-8A68-F2D04799CFFE}"
EndProject
Project("{9A19103F-16F7-4668-BE54-9A1E7A4F7556}") = "And9.Service.Election.Database", "src\And9.Service.Election.Database\And9.Service.Election.Database.csproj", "{3DDB76F8-BBC5-4571-A26A-05CFEEB09421}"
EndProject
Project("{FAE04EC0-301F-11D3-BF4B-00C04F79EFBC}") = "And9.Service.Election.Senders", "src\And9.Service.Election.Senders\And9.Service.Election.Senders.csproj", "{E5838836-BA46-4CB1-8537-28CD7FF55954}"
EndProject
Project("{FAE04EC0-301F-11D3-BF4B-00C04F79EFBC}") = "And9.Service.Election.API", "src\And9.Service.Election.API\And9.Service.Election.API.csproj", "{6BAC8909-F86A-4D73-8E02-EB3120FEBC91}"
EndProject
Project("{FAE04EC0-301F-11D3-BF4B-00C04F79EFBC}") = "And9.Service.Election", "src\And9.Service.Election\And9.Service.Election.csproj", "{5C8173F5-63D1-41AB-A6CC-C7CA2F72A21A}"
EndProject
Global
	GlobalSection(SharedMSBuildProjectFiles) = preSolution
		src\And9.Client.Clan\And9.Client.Clan.Shared\And9.Client.Clan.Shared.projitems*{266ae59c-eca5-4f07-9d0d-ff657b7bcff6}*SharedItemsImports = 5
		src\And9.Client.Clan\And9.Client.Clan.Shared\And9.Client.Clan.Shared.projitems*{6279c845-92f8-4333-ab99-3d213163593c}*SharedItemsImports = 13
		src\And9.Client.Clan\And9.Client.Clan.Shared\And9.Client.Clan.Shared.projitems*{c06b2334-1106-4cea-a717-bef000cc0777}*SharedItemsImports = 5
		src\And9.Client.Clan\And9.Client.Clan.Shared\And9.Client.Clan.Shared.projitems*{d4ff3105-ea33-4b36-80e1-78787327fd00}*SharedItemsImports = 5
	EndGlobalSection
	GlobalSection(SolutionConfigurationPlatforms) = preSolution
		Debug|Any CPU = Debug|Any CPU
		Debug|arm64 = Debug|arm64
		Debug|x64 = Debug|x64
		Debug|x86 = Debug|x86
		Release|Any CPU = Release|Any CPU
		Release|arm64 = Release|arm64
		Release|x64 = Release|x64
		Release|x86 = Release|x86
	EndGlobalSection
	GlobalSection(ProjectConfigurationPlatforms) = postSolution
		{3A9DBE19-7388-4C56-9B63-9305878197D5}.Debug|Any CPU.ActiveCfg = Debug|Any CPU
		{3A9DBE19-7388-4C56-9B63-9305878197D5}.Debug|Any CPU.Build.0 = Debug|Any CPU
		{3A9DBE19-7388-4C56-9B63-9305878197D5}.Debug|arm64.ActiveCfg = Debug|Any CPU
		{3A9DBE19-7388-4C56-9B63-9305878197D5}.Debug|arm64.Build.0 = Debug|Any CPU
		{3A9DBE19-7388-4C56-9B63-9305878197D5}.Debug|x64.ActiveCfg = Debug|Any CPU
		{3A9DBE19-7388-4C56-9B63-9305878197D5}.Debug|x64.Build.0 = Debug|Any CPU
		{3A9DBE19-7388-4C56-9B63-9305878197D5}.Debug|x86.ActiveCfg = Debug|Any CPU
		{3A9DBE19-7388-4C56-9B63-9305878197D5}.Debug|x86.Build.0 = Debug|Any CPU
		{3A9DBE19-7388-4C56-9B63-9305878197D5}.Release|Any CPU.ActiveCfg = Release|Any CPU
		{3A9DBE19-7388-4C56-9B63-9305878197D5}.Release|Any CPU.Build.0 = Release|Any CPU
		{3A9DBE19-7388-4C56-9B63-9305878197D5}.Release|arm64.ActiveCfg = Release|Any CPU
		{3A9DBE19-7388-4C56-9B63-9305878197D5}.Release|arm64.Build.0 = Release|Any CPU
		{3A9DBE19-7388-4C56-9B63-9305878197D5}.Release|x64.ActiveCfg = Release|Any CPU
		{3A9DBE19-7388-4C56-9B63-9305878197D5}.Release|x64.Build.0 = Release|Any CPU
		{3A9DBE19-7388-4C56-9B63-9305878197D5}.Release|x86.ActiveCfg = Release|Any CPU
		{3A9DBE19-7388-4C56-9B63-9305878197D5}.Release|x86.Build.0 = Release|Any CPU
		{2185E812-B371-47AA-B66A-ADDBB7F4DFF0}.Debug|Any CPU.ActiveCfg = Debug|Any CPU
		{2185E812-B371-47AA-B66A-ADDBB7F4DFF0}.Debug|Any CPU.Build.0 = Debug|Any CPU
		{2185E812-B371-47AA-B66A-ADDBB7F4DFF0}.Debug|arm64.ActiveCfg = Debug|Any CPU
		{2185E812-B371-47AA-B66A-ADDBB7F4DFF0}.Debug|arm64.Build.0 = Debug|Any CPU
		{2185E812-B371-47AA-B66A-ADDBB7F4DFF0}.Debug|x64.ActiveCfg = Debug|Any CPU
		{2185E812-B371-47AA-B66A-ADDBB7F4DFF0}.Debug|x64.Build.0 = Debug|Any CPU
		{2185E812-B371-47AA-B66A-ADDBB7F4DFF0}.Debug|x86.ActiveCfg = Debug|Any CPU
		{2185E812-B371-47AA-B66A-ADDBB7F4DFF0}.Debug|x86.Build.0 = Debug|Any CPU
		{2185E812-B371-47AA-B66A-ADDBB7F4DFF0}.Release|Any CPU.ActiveCfg = Release|Any CPU
		{2185E812-B371-47AA-B66A-ADDBB7F4DFF0}.Release|Any CPU.Build.0 = Release|Any CPU
		{2185E812-B371-47AA-B66A-ADDBB7F4DFF0}.Release|arm64.ActiveCfg = Release|Any CPU
		{2185E812-B371-47AA-B66A-ADDBB7F4DFF0}.Release|arm64.Build.0 = Release|Any CPU
		{2185E812-B371-47AA-B66A-ADDBB7F4DFF0}.Release|x64.ActiveCfg = Release|Any CPU
		{2185E812-B371-47AA-B66A-ADDBB7F4DFF0}.Release|x64.Build.0 = Release|Any CPU
		{2185E812-B371-47AA-B66A-ADDBB7F4DFF0}.Release|x86.ActiveCfg = Release|Any CPU
		{2185E812-B371-47AA-B66A-ADDBB7F4DFF0}.Release|x86.Build.0 = Release|Any CPU
		{C5AD76DC-018C-496B-9050-59AF96B11D28}.Debug|Any CPU.ActiveCfg = Debug|Any CPU
		{C5AD76DC-018C-496B-9050-59AF96B11D28}.Debug|Any CPU.Build.0 = Debug|Any CPU
		{C5AD76DC-018C-496B-9050-59AF96B11D28}.Debug|arm64.ActiveCfg = Debug|Any CPU
		{C5AD76DC-018C-496B-9050-59AF96B11D28}.Debug|arm64.Build.0 = Debug|Any CPU
		{C5AD76DC-018C-496B-9050-59AF96B11D28}.Debug|x64.ActiveCfg = Debug|Any CPU
		{C5AD76DC-018C-496B-9050-59AF96B11D28}.Debug|x64.Build.0 = Debug|Any CPU
		{C5AD76DC-018C-496B-9050-59AF96B11D28}.Debug|x86.ActiveCfg = Debug|Any CPU
		{C5AD76DC-018C-496B-9050-59AF96B11D28}.Debug|x86.Build.0 = Debug|Any CPU
		{C5AD76DC-018C-496B-9050-59AF96B11D28}.Release|Any CPU.ActiveCfg = Release|Any CPU
		{C5AD76DC-018C-496B-9050-59AF96B11D28}.Release|Any CPU.Build.0 = Release|Any CPU
		{C5AD76DC-018C-496B-9050-59AF96B11D28}.Release|arm64.ActiveCfg = Release|Any CPU
		{C5AD76DC-018C-496B-9050-59AF96B11D28}.Release|arm64.Build.0 = Release|Any CPU
		{C5AD76DC-018C-496B-9050-59AF96B11D28}.Release|x64.ActiveCfg = Release|Any CPU
		{C5AD76DC-018C-496B-9050-59AF96B11D28}.Release|x64.Build.0 = Release|Any CPU
		{C5AD76DC-018C-496B-9050-59AF96B11D28}.Release|x86.ActiveCfg = Release|Any CPU
		{C5AD76DC-018C-496B-9050-59AF96B11D28}.Release|x86.Build.0 = Release|Any CPU
		{6C92D9DC-CA80-42F8-8495-88907F18D386}.Debug|Any CPU.ActiveCfg = Debug|Any CPU
		{6C92D9DC-CA80-42F8-8495-88907F18D386}.Debug|Any CPU.Build.0 = Debug|Any CPU
		{6C92D9DC-CA80-42F8-8495-88907F18D386}.Debug|arm64.ActiveCfg = Debug|Any CPU
		{6C92D9DC-CA80-42F8-8495-88907F18D386}.Debug|arm64.Build.0 = Debug|Any CPU
		{6C92D9DC-CA80-42F8-8495-88907F18D386}.Debug|x64.ActiveCfg = Debug|Any CPU
		{6C92D9DC-CA80-42F8-8495-88907F18D386}.Debug|x64.Build.0 = Debug|Any CPU
		{6C92D9DC-CA80-42F8-8495-88907F18D386}.Debug|x86.ActiveCfg = Debug|Any CPU
		{6C92D9DC-CA80-42F8-8495-88907F18D386}.Debug|x86.Build.0 = Debug|Any CPU
		{6C92D9DC-CA80-42F8-8495-88907F18D386}.Release|Any CPU.ActiveCfg = Release|Any CPU
		{6C92D9DC-CA80-42F8-8495-88907F18D386}.Release|Any CPU.Build.0 = Release|Any CPU
		{6C92D9DC-CA80-42F8-8495-88907F18D386}.Release|arm64.ActiveCfg = Release|Any CPU
		{6C92D9DC-CA80-42F8-8495-88907F18D386}.Release|arm64.Build.0 = Release|Any CPU
		{6C92D9DC-CA80-42F8-8495-88907F18D386}.Release|x64.ActiveCfg = Release|Any CPU
		{6C92D9DC-CA80-42F8-8495-88907F18D386}.Release|x64.Build.0 = Release|Any CPU
		{6C92D9DC-CA80-42F8-8495-88907F18D386}.Release|x86.ActiveCfg = Release|Any CPU
		{6C92D9DC-CA80-42F8-8495-88907F18D386}.Release|x86.Build.0 = Release|Any CPU
		{06AA7DDB-9A01-4AA0-9EBC-B426B5D393FA}.Debug|Any CPU.ActiveCfg = Debug|Any CPU
		{06AA7DDB-9A01-4AA0-9EBC-B426B5D393FA}.Debug|Any CPU.Build.0 = Debug|Any CPU
		{06AA7DDB-9A01-4AA0-9EBC-B426B5D393FA}.Debug|arm64.ActiveCfg = Debug|Any CPU
		{06AA7DDB-9A01-4AA0-9EBC-B426B5D393FA}.Debug|arm64.Build.0 = Debug|Any CPU
		{06AA7DDB-9A01-4AA0-9EBC-B426B5D393FA}.Debug|x64.ActiveCfg = Debug|Any CPU
		{06AA7DDB-9A01-4AA0-9EBC-B426B5D393FA}.Debug|x64.Build.0 = Debug|Any CPU
		{06AA7DDB-9A01-4AA0-9EBC-B426B5D393FA}.Debug|x86.ActiveCfg = Debug|Any CPU
		{06AA7DDB-9A01-4AA0-9EBC-B426B5D393FA}.Debug|x86.Build.0 = Debug|Any CPU
		{06AA7DDB-9A01-4AA0-9EBC-B426B5D393FA}.Release|Any CPU.ActiveCfg = Release|Any CPU
		{06AA7DDB-9A01-4AA0-9EBC-B426B5D393FA}.Release|Any CPU.Build.0 = Release|Any CPU
		{06AA7DDB-9A01-4AA0-9EBC-B426B5D393FA}.Release|arm64.ActiveCfg = Release|Any CPU
		{06AA7DDB-9A01-4AA0-9EBC-B426B5D393FA}.Release|arm64.Build.0 = Release|Any CPU
		{06AA7DDB-9A01-4AA0-9EBC-B426B5D393FA}.Release|x64.ActiveCfg = Release|Any CPU
		{06AA7DDB-9A01-4AA0-9EBC-B426B5D393FA}.Release|x64.Build.0 = Release|Any CPU
		{06AA7DDB-9A01-4AA0-9EBC-B426B5D393FA}.Release|x86.ActiveCfg = Release|Any CPU
		{06AA7DDB-9A01-4AA0-9EBC-B426B5D393FA}.Release|x86.Build.0 = Release|Any CPU
		{5B7BBBD2-4A2E-4294-98F1-9C302C5E4FCC}.Debug|Any CPU.ActiveCfg = Debug|Any CPU
		{5B7BBBD2-4A2E-4294-98F1-9C302C5E4FCC}.Debug|Any CPU.Build.0 = Debug|Any CPU
		{5B7BBBD2-4A2E-4294-98F1-9C302C5E4FCC}.Debug|arm64.ActiveCfg = Debug|Any CPU
		{5B7BBBD2-4A2E-4294-98F1-9C302C5E4FCC}.Debug|arm64.Build.0 = Debug|Any CPU
		{5B7BBBD2-4A2E-4294-98F1-9C302C5E4FCC}.Debug|x64.ActiveCfg = Debug|Any CPU
		{5B7BBBD2-4A2E-4294-98F1-9C302C5E4FCC}.Debug|x64.Build.0 = Debug|Any CPU
		{5B7BBBD2-4A2E-4294-98F1-9C302C5E4FCC}.Debug|x86.ActiveCfg = Debug|Any CPU
		{5B7BBBD2-4A2E-4294-98F1-9C302C5E4FCC}.Debug|x86.Build.0 = Debug|Any CPU
		{5B7BBBD2-4A2E-4294-98F1-9C302C5E4FCC}.Release|Any CPU.ActiveCfg = Release|Any CPU
		{5B7BBBD2-4A2E-4294-98F1-9C302C5E4FCC}.Release|Any CPU.Build.0 = Release|Any CPU
		{5B7BBBD2-4A2E-4294-98F1-9C302C5E4FCC}.Release|arm64.ActiveCfg = Release|Any CPU
		{5B7BBBD2-4A2E-4294-98F1-9C302C5E4FCC}.Release|arm64.Build.0 = Release|Any CPU
		{5B7BBBD2-4A2E-4294-98F1-9C302C5E4FCC}.Release|x64.ActiveCfg = Release|Any CPU
		{5B7BBBD2-4A2E-4294-98F1-9C302C5E4FCC}.Release|x64.Build.0 = Release|Any CPU
		{5B7BBBD2-4A2E-4294-98F1-9C302C5E4FCC}.Release|x86.ActiveCfg = Release|Any CPU
		{5B7BBBD2-4A2E-4294-98F1-9C302C5E4FCC}.Release|x86.Build.0 = Release|Any CPU
		{BCA6EB8E-5BD9-4311-A8A0-AB9BA9CE99F9}.Debug|Any CPU.ActiveCfg = Debug|Any CPU
		{BCA6EB8E-5BD9-4311-A8A0-AB9BA9CE99F9}.Debug|Any CPU.Build.0 = Debug|Any CPU
		{BCA6EB8E-5BD9-4311-A8A0-AB9BA9CE99F9}.Debug|arm64.ActiveCfg = Debug|Any CPU
		{BCA6EB8E-5BD9-4311-A8A0-AB9BA9CE99F9}.Debug|arm64.Build.0 = Debug|Any CPU
		{BCA6EB8E-5BD9-4311-A8A0-AB9BA9CE99F9}.Debug|x64.ActiveCfg = Debug|Any CPU
		{BCA6EB8E-5BD9-4311-A8A0-AB9BA9CE99F9}.Debug|x64.Build.0 = Debug|Any CPU
		{BCA6EB8E-5BD9-4311-A8A0-AB9BA9CE99F9}.Debug|x86.ActiveCfg = Debug|Any CPU
		{BCA6EB8E-5BD9-4311-A8A0-AB9BA9CE99F9}.Debug|x86.Build.0 = Debug|Any CPU
		{BCA6EB8E-5BD9-4311-A8A0-AB9BA9CE99F9}.Release|Any CPU.ActiveCfg = Release|Any CPU
		{BCA6EB8E-5BD9-4311-A8A0-AB9BA9CE99F9}.Release|Any CPU.Build.0 = Release|Any CPU
		{BCA6EB8E-5BD9-4311-A8A0-AB9BA9CE99F9}.Release|arm64.ActiveCfg = Release|Any CPU
		{BCA6EB8E-5BD9-4311-A8A0-AB9BA9CE99F9}.Release|arm64.Build.0 = Release|Any CPU
		{BCA6EB8E-5BD9-4311-A8A0-AB9BA9CE99F9}.Release|x64.ActiveCfg = Release|Any CPU
		{BCA6EB8E-5BD9-4311-A8A0-AB9BA9CE99F9}.Release|x64.Build.0 = Release|Any CPU
		{BCA6EB8E-5BD9-4311-A8A0-AB9BA9CE99F9}.Release|x86.ActiveCfg = Release|Any CPU
		{BCA6EB8E-5BD9-4311-A8A0-AB9BA9CE99F9}.Release|x86.Build.0 = Release|Any CPU
		{42273C9E-A8E9-4E0B-B60F-63ED03477CFD}.Debug|Any CPU.ActiveCfg = Debug|Any CPU
		{42273C9E-A8E9-4E0B-B60F-63ED03477CFD}.Debug|Any CPU.Build.0 = Debug|Any CPU
		{42273C9E-A8E9-4E0B-B60F-63ED03477CFD}.Debug|arm64.ActiveCfg = Debug|Any CPU
		{42273C9E-A8E9-4E0B-B60F-63ED03477CFD}.Debug|arm64.Build.0 = Debug|Any CPU
		{42273C9E-A8E9-4E0B-B60F-63ED03477CFD}.Debug|x64.ActiveCfg = Debug|Any CPU
		{42273C9E-A8E9-4E0B-B60F-63ED03477CFD}.Debug|x64.Build.0 = Debug|Any CPU
		{42273C9E-A8E9-4E0B-B60F-63ED03477CFD}.Debug|x86.ActiveCfg = Debug|Any CPU
		{42273C9E-A8E9-4E0B-B60F-63ED03477CFD}.Debug|x86.Build.0 = Debug|Any CPU
		{42273C9E-A8E9-4E0B-B60F-63ED03477CFD}.Release|Any CPU.ActiveCfg = Release|Any CPU
		{42273C9E-A8E9-4E0B-B60F-63ED03477CFD}.Release|Any CPU.Build.0 = Release|Any CPU
		{42273C9E-A8E9-4E0B-B60F-63ED03477CFD}.Release|arm64.ActiveCfg = Release|Any CPU
		{42273C9E-A8E9-4E0B-B60F-63ED03477CFD}.Release|arm64.Build.0 = Release|Any CPU
		{42273C9E-A8E9-4E0B-B60F-63ED03477CFD}.Release|x64.ActiveCfg = Release|Any CPU
		{42273C9E-A8E9-4E0B-B60F-63ED03477CFD}.Release|x64.Build.0 = Release|Any CPU
		{42273C9E-A8E9-4E0B-B60F-63ED03477CFD}.Release|x86.ActiveCfg = Release|Any CPU
		{42273C9E-A8E9-4E0B-B60F-63ED03477CFD}.Release|x86.Build.0 = Release|Any CPU
		{D85F2B7B-DCB7-4587-9DB4-C76889A46FB7}.Debug|Any CPU.ActiveCfg = Debug|Any CPU
		{D85F2B7B-DCB7-4587-9DB4-C76889A46FB7}.Debug|Any CPU.Build.0 = Debug|Any CPU
		{D85F2B7B-DCB7-4587-9DB4-C76889A46FB7}.Debug|arm64.ActiveCfg = Debug|Any CPU
		{D85F2B7B-DCB7-4587-9DB4-C76889A46FB7}.Debug|arm64.Build.0 = Debug|Any CPU
		{D85F2B7B-DCB7-4587-9DB4-C76889A46FB7}.Debug|x64.ActiveCfg = Debug|Any CPU
		{D85F2B7B-DCB7-4587-9DB4-C76889A46FB7}.Debug|x64.Build.0 = Debug|Any CPU
		{D85F2B7B-DCB7-4587-9DB4-C76889A46FB7}.Debug|x86.ActiveCfg = Debug|Any CPU
		{D85F2B7B-DCB7-4587-9DB4-C76889A46FB7}.Debug|x86.Build.0 = Debug|Any CPU
		{D85F2B7B-DCB7-4587-9DB4-C76889A46FB7}.Release|Any CPU.ActiveCfg = Release|Any CPU
		{D85F2B7B-DCB7-4587-9DB4-C76889A46FB7}.Release|Any CPU.Build.0 = Release|Any CPU
		{D85F2B7B-DCB7-4587-9DB4-C76889A46FB7}.Release|arm64.ActiveCfg = Release|Any CPU
		{D85F2B7B-DCB7-4587-9DB4-C76889A46FB7}.Release|arm64.Build.0 = Release|Any CPU
		{D85F2B7B-DCB7-4587-9DB4-C76889A46FB7}.Release|x64.ActiveCfg = Release|Any CPU
		{D85F2B7B-DCB7-4587-9DB4-C76889A46FB7}.Release|x64.Build.0 = Release|Any CPU
		{D85F2B7B-DCB7-4587-9DB4-C76889A46FB7}.Release|x86.ActiveCfg = Release|Any CPU
		{D85F2B7B-DCB7-4587-9DB4-C76889A46FB7}.Release|x86.Build.0 = Release|Any CPU
		{0F4CF618-80A7-4190-8E1D-78012CD49BDD}.Debug|Any CPU.ActiveCfg = Debug|Any CPU
		{0F4CF618-80A7-4190-8E1D-78012CD49BDD}.Debug|Any CPU.Build.0 = Debug|Any CPU
		{0F4CF618-80A7-4190-8E1D-78012CD49BDD}.Debug|arm64.ActiveCfg = Debug|Any CPU
		{0F4CF618-80A7-4190-8E1D-78012CD49BDD}.Debug|arm64.Build.0 = Debug|Any CPU
		{0F4CF618-80A7-4190-8E1D-78012CD49BDD}.Debug|x64.ActiveCfg = Debug|Any CPU
		{0F4CF618-80A7-4190-8E1D-78012CD49BDD}.Debug|x64.Build.0 = Debug|Any CPU
		{0F4CF618-80A7-4190-8E1D-78012CD49BDD}.Debug|x86.ActiveCfg = Debug|Any CPU
		{0F4CF618-80A7-4190-8E1D-78012CD49BDD}.Debug|x86.Build.0 = Debug|Any CPU
		{0F4CF618-80A7-4190-8E1D-78012CD49BDD}.Release|Any CPU.ActiveCfg = Release|Any CPU
		{0F4CF618-80A7-4190-8E1D-78012CD49BDD}.Release|Any CPU.Build.0 = Release|Any CPU
		{0F4CF618-80A7-4190-8E1D-78012CD49BDD}.Release|arm64.ActiveCfg = Release|Any CPU
		{0F4CF618-80A7-4190-8E1D-78012CD49BDD}.Release|arm64.Build.0 = Release|Any CPU
		{0F4CF618-80A7-4190-8E1D-78012CD49BDD}.Release|x64.ActiveCfg = Release|Any CPU
		{0F4CF618-80A7-4190-8E1D-78012CD49BDD}.Release|x64.Build.0 = Release|Any CPU
		{0F4CF618-80A7-4190-8E1D-78012CD49BDD}.Release|x86.ActiveCfg = Release|Any CPU
		{0F4CF618-80A7-4190-8E1D-78012CD49BDD}.Release|x86.Build.0 = Release|Any CPU
		{61AA6181-4935-4C64-BDEC-374AFC0CB8A8}.Debug|Any CPU.ActiveCfg = Debug|Any CPU
		{61AA6181-4935-4C64-BDEC-374AFC0CB8A8}.Debug|Any CPU.Build.0 = Debug|Any CPU
		{61AA6181-4935-4C64-BDEC-374AFC0CB8A8}.Debug|arm64.ActiveCfg = Debug|Any CPU
		{61AA6181-4935-4C64-BDEC-374AFC0CB8A8}.Debug|arm64.Build.0 = Debug|Any CPU
		{61AA6181-4935-4C64-BDEC-374AFC0CB8A8}.Debug|x64.ActiveCfg = Debug|Any CPU
		{61AA6181-4935-4C64-BDEC-374AFC0CB8A8}.Debug|x64.Build.0 = Debug|Any CPU
		{61AA6181-4935-4C64-BDEC-374AFC0CB8A8}.Debug|x86.ActiveCfg = Debug|Any CPU
		{61AA6181-4935-4C64-BDEC-374AFC0CB8A8}.Debug|x86.Build.0 = Debug|Any CPU
		{61AA6181-4935-4C64-BDEC-374AFC0CB8A8}.Release|Any CPU.ActiveCfg = Release|Any CPU
		{61AA6181-4935-4C64-BDEC-374AFC0CB8A8}.Release|Any CPU.Build.0 = Release|Any CPU
		{61AA6181-4935-4C64-BDEC-374AFC0CB8A8}.Release|arm64.ActiveCfg = Release|Any CPU
		{61AA6181-4935-4C64-BDEC-374AFC0CB8A8}.Release|arm64.Build.0 = Release|Any CPU
		{61AA6181-4935-4C64-BDEC-374AFC0CB8A8}.Release|x64.ActiveCfg = Release|Any CPU
		{61AA6181-4935-4C64-BDEC-374AFC0CB8A8}.Release|x64.Build.0 = Release|Any CPU
		{61AA6181-4935-4C64-BDEC-374AFC0CB8A8}.Release|x86.ActiveCfg = Release|Any CPU
		{61AA6181-4935-4C64-BDEC-374AFC0CB8A8}.Release|x86.Build.0 = Release|Any CPU
		{F2EF26FC-779D-4D6E-A05F-02F03EBEF575}.Debug|Any CPU.ActiveCfg = Debug|Any CPU
		{F2EF26FC-779D-4D6E-A05F-02F03EBEF575}.Debug|Any CPU.Build.0 = Debug|Any CPU
		{F2EF26FC-779D-4D6E-A05F-02F03EBEF575}.Debug|arm64.ActiveCfg = Debug|Any CPU
		{F2EF26FC-779D-4D6E-A05F-02F03EBEF575}.Debug|arm64.Build.0 = Debug|Any CPU
		{F2EF26FC-779D-4D6E-A05F-02F03EBEF575}.Debug|x64.ActiveCfg = Debug|Any CPU
		{F2EF26FC-779D-4D6E-A05F-02F03EBEF575}.Debug|x64.Build.0 = Debug|Any CPU
		{F2EF26FC-779D-4D6E-A05F-02F03EBEF575}.Debug|x86.ActiveCfg = Debug|Any CPU
		{F2EF26FC-779D-4D6E-A05F-02F03EBEF575}.Debug|x86.Build.0 = Debug|Any CPU
		{F2EF26FC-779D-4D6E-A05F-02F03EBEF575}.Release|Any CPU.ActiveCfg = Release|Any CPU
		{F2EF26FC-779D-4D6E-A05F-02F03EBEF575}.Release|Any CPU.Build.0 = Release|Any CPU
		{F2EF26FC-779D-4D6E-A05F-02F03EBEF575}.Release|arm64.ActiveCfg = Release|Any CPU
		{F2EF26FC-779D-4D6E-A05F-02F03EBEF575}.Release|arm64.Build.0 = Release|Any CPU
		{F2EF26FC-779D-4D6E-A05F-02F03EBEF575}.Release|x64.ActiveCfg = Release|Any CPU
		{F2EF26FC-779D-4D6E-A05F-02F03EBEF575}.Release|x64.Build.0 = Release|Any CPU
		{F2EF26FC-779D-4D6E-A05F-02F03EBEF575}.Release|x86.ActiveCfg = Release|Any CPU
		{F2EF26FC-779D-4D6E-A05F-02F03EBEF575}.Release|x86.Build.0 = Release|Any CPU
		{773B81B2-19D8-4714-83A5-C48291F043B4}.Debug|Any CPU.ActiveCfg = Debug|Any CPU
		{773B81B2-19D8-4714-83A5-C48291F043B4}.Debug|Any CPU.Build.0 = Debug|Any CPU
		{773B81B2-19D8-4714-83A5-C48291F043B4}.Debug|arm64.ActiveCfg = Debug|Any CPU
		{773B81B2-19D8-4714-83A5-C48291F043B4}.Debug|arm64.Build.0 = Debug|Any CPU
		{773B81B2-19D8-4714-83A5-C48291F043B4}.Debug|x64.ActiveCfg = Debug|Any CPU
		{773B81B2-19D8-4714-83A5-C48291F043B4}.Debug|x64.Build.0 = Debug|Any CPU
		{773B81B2-19D8-4714-83A5-C48291F043B4}.Debug|x86.ActiveCfg = Debug|Any CPU
		{773B81B2-19D8-4714-83A5-C48291F043B4}.Debug|x86.Build.0 = Debug|Any CPU
		{773B81B2-19D8-4714-83A5-C48291F043B4}.Release|Any CPU.ActiveCfg = Release|Any CPU
		{773B81B2-19D8-4714-83A5-C48291F043B4}.Release|Any CPU.Build.0 = Release|Any CPU
		{773B81B2-19D8-4714-83A5-C48291F043B4}.Release|arm64.ActiveCfg = Release|Any CPU
		{773B81B2-19D8-4714-83A5-C48291F043B4}.Release|arm64.Build.0 = Release|Any CPU
		{773B81B2-19D8-4714-83A5-C48291F043B4}.Release|x64.ActiveCfg = Release|Any CPU
		{773B81B2-19D8-4714-83A5-C48291F043B4}.Release|x64.Build.0 = Release|Any CPU
		{773B81B2-19D8-4714-83A5-C48291F043B4}.Release|x86.ActiveCfg = Release|Any CPU
		{773B81B2-19D8-4714-83A5-C48291F043B4}.Release|x86.Build.0 = Release|Any CPU
		{8CA23C38-FF7F-4F2F-8489-5BF40673FB50}.Debug|Any CPU.ActiveCfg = Debug|Any CPU
		{8CA23C38-FF7F-4F2F-8489-5BF40673FB50}.Debug|Any CPU.Build.0 = Debug|Any CPU
		{8CA23C38-FF7F-4F2F-8489-5BF40673FB50}.Debug|arm64.ActiveCfg = Debug|Any CPU
		{8CA23C38-FF7F-4F2F-8489-5BF40673FB50}.Debug|arm64.Build.0 = Debug|Any CPU
		{8CA23C38-FF7F-4F2F-8489-5BF40673FB50}.Debug|x64.ActiveCfg = Debug|Any CPU
		{8CA23C38-FF7F-4F2F-8489-5BF40673FB50}.Debug|x64.Build.0 = Debug|Any CPU
		{8CA23C38-FF7F-4F2F-8489-5BF40673FB50}.Debug|x86.ActiveCfg = Debug|Any CPU
		{8CA23C38-FF7F-4F2F-8489-5BF40673FB50}.Debug|x86.Build.0 = Debug|Any CPU
		{8CA23C38-FF7F-4F2F-8489-5BF40673FB50}.Release|Any CPU.ActiveCfg = Release|Any CPU
		{8CA23C38-FF7F-4F2F-8489-5BF40673FB50}.Release|Any CPU.Build.0 = Release|Any CPU
		{8CA23C38-FF7F-4F2F-8489-5BF40673FB50}.Release|arm64.ActiveCfg = Release|Any CPU
		{8CA23C38-FF7F-4F2F-8489-5BF40673FB50}.Release|arm64.Build.0 = Release|Any CPU
		{8CA23C38-FF7F-4F2F-8489-5BF40673FB50}.Release|x64.ActiveCfg = Release|Any CPU
		{8CA23C38-FF7F-4F2F-8489-5BF40673FB50}.Release|x64.Build.0 = Release|Any CPU
		{8CA23C38-FF7F-4F2F-8489-5BF40673FB50}.Release|x86.ActiveCfg = Release|Any CPU
		{8CA23C38-FF7F-4F2F-8489-5BF40673FB50}.Release|x86.Build.0 = Release|Any CPU
		{F85D0806-3850-4D77-B754-A02D9F4FD02B}.Debug|Any CPU.ActiveCfg = Debug|Any CPU
		{F85D0806-3850-4D77-B754-A02D9F4FD02B}.Debug|Any CPU.Build.0 = Debug|Any CPU
		{F85D0806-3850-4D77-B754-A02D9F4FD02B}.Debug|arm64.ActiveCfg = Debug|Any CPU
		{F85D0806-3850-4D77-B754-A02D9F4FD02B}.Debug|arm64.Build.0 = Debug|Any CPU
		{F85D0806-3850-4D77-B754-A02D9F4FD02B}.Debug|x64.ActiveCfg = Debug|Any CPU
		{F85D0806-3850-4D77-B754-A02D9F4FD02B}.Debug|x64.Build.0 = Debug|Any CPU
		{F85D0806-3850-4D77-B754-A02D9F4FD02B}.Debug|x86.ActiveCfg = Debug|Any CPU
		{F85D0806-3850-4D77-B754-A02D9F4FD02B}.Debug|x86.Build.0 = Debug|Any CPU
		{F85D0806-3850-4D77-B754-A02D9F4FD02B}.Release|Any CPU.ActiveCfg = Release|Any CPU
		{F85D0806-3850-4D77-B754-A02D9F4FD02B}.Release|Any CPU.Build.0 = Release|Any CPU
		{F85D0806-3850-4D77-B754-A02D9F4FD02B}.Release|arm64.ActiveCfg = Release|Any CPU
		{F85D0806-3850-4D77-B754-A02D9F4FD02B}.Release|arm64.Build.0 = Release|Any CPU
		{F85D0806-3850-4D77-B754-A02D9F4FD02B}.Release|x64.ActiveCfg = Release|Any CPU
		{F85D0806-3850-4D77-B754-A02D9F4FD02B}.Release|x64.Build.0 = Release|Any CPU
		{F85D0806-3850-4D77-B754-A02D9F4FD02B}.Release|x86.ActiveCfg = Release|Any CPU
		{F85D0806-3850-4D77-B754-A02D9F4FD02B}.Release|x86.Build.0 = Release|Any CPU
		{5CCDD9D3-9F33-4115-B888-193C8445F4E9}.Debug|Any CPU.ActiveCfg = Debug|Any CPU
		{5CCDD9D3-9F33-4115-B888-193C8445F4E9}.Debug|Any CPU.Build.0 = Debug|Any CPU
		{5CCDD9D3-9F33-4115-B888-193C8445F4E9}.Debug|arm64.ActiveCfg = Debug|Any CPU
		{5CCDD9D3-9F33-4115-B888-193C8445F4E9}.Debug|arm64.Build.0 = Debug|Any CPU
		{5CCDD9D3-9F33-4115-B888-193C8445F4E9}.Debug|x64.ActiveCfg = Debug|Any CPU
		{5CCDD9D3-9F33-4115-B888-193C8445F4E9}.Debug|x64.Build.0 = Debug|Any CPU
		{5CCDD9D3-9F33-4115-B888-193C8445F4E9}.Debug|x86.ActiveCfg = Debug|Any CPU
		{5CCDD9D3-9F33-4115-B888-193C8445F4E9}.Debug|x86.Build.0 = Debug|Any CPU
		{5CCDD9D3-9F33-4115-B888-193C8445F4E9}.Release|Any CPU.ActiveCfg = Release|Any CPU
		{5CCDD9D3-9F33-4115-B888-193C8445F4E9}.Release|Any CPU.Build.0 = Release|Any CPU
		{5CCDD9D3-9F33-4115-B888-193C8445F4E9}.Release|arm64.ActiveCfg = Release|Any CPU
		{5CCDD9D3-9F33-4115-B888-193C8445F4E9}.Release|arm64.Build.0 = Release|Any CPU
		{5CCDD9D3-9F33-4115-B888-193C8445F4E9}.Release|x64.ActiveCfg = Release|Any CPU
		{5CCDD9D3-9F33-4115-B888-193C8445F4E9}.Release|x64.Build.0 = Release|Any CPU
		{5CCDD9D3-9F33-4115-B888-193C8445F4E9}.Release|x86.ActiveCfg = Release|Any CPU
		{5CCDD9D3-9F33-4115-B888-193C8445F4E9}.Release|x86.Build.0 = Release|Any CPU
		{2495962B-5B43-4583-B5E0-0AF51694ACF2}.Debug|Any CPU.ActiveCfg = Debug|Any CPU
		{2495962B-5B43-4583-B5E0-0AF51694ACF2}.Debug|Any CPU.Build.0 = Debug|Any CPU
		{2495962B-5B43-4583-B5E0-0AF51694ACF2}.Debug|arm64.ActiveCfg = Debug|Any CPU
		{2495962B-5B43-4583-B5E0-0AF51694ACF2}.Debug|arm64.Build.0 = Debug|Any CPU
		{2495962B-5B43-4583-B5E0-0AF51694ACF2}.Debug|x64.ActiveCfg = Debug|Any CPU
		{2495962B-5B43-4583-B5E0-0AF51694ACF2}.Debug|x64.Build.0 = Debug|Any CPU
		{2495962B-5B43-4583-B5E0-0AF51694ACF2}.Debug|x86.ActiveCfg = Debug|Any CPU
		{2495962B-5B43-4583-B5E0-0AF51694ACF2}.Debug|x86.Build.0 = Debug|Any CPU
		{2495962B-5B43-4583-B5E0-0AF51694ACF2}.Release|Any CPU.ActiveCfg = Release|Any CPU
		{2495962B-5B43-4583-B5E0-0AF51694ACF2}.Release|Any CPU.Build.0 = Release|Any CPU
		{2495962B-5B43-4583-B5E0-0AF51694ACF2}.Release|arm64.ActiveCfg = Release|Any CPU
		{2495962B-5B43-4583-B5E0-0AF51694ACF2}.Release|arm64.Build.0 = Release|Any CPU
		{2495962B-5B43-4583-B5E0-0AF51694ACF2}.Release|x64.ActiveCfg = Release|Any CPU
		{2495962B-5B43-4583-B5E0-0AF51694ACF2}.Release|x64.Build.0 = Release|Any CPU
		{2495962B-5B43-4583-B5E0-0AF51694ACF2}.Release|x86.ActiveCfg = Release|Any CPU
		{2495962B-5B43-4583-B5E0-0AF51694ACF2}.Release|x86.Build.0 = Release|Any CPU
		{2676CBA5-8575-4562-9A29-EB7363635EC5}.Debug|Any CPU.ActiveCfg = Debug|Any CPU
		{2676CBA5-8575-4562-9A29-EB7363635EC5}.Debug|Any CPU.Build.0 = Debug|Any CPU
		{2676CBA5-8575-4562-9A29-EB7363635EC5}.Debug|arm64.ActiveCfg = Debug|Any CPU
		{2676CBA5-8575-4562-9A29-EB7363635EC5}.Debug|arm64.Build.0 = Debug|Any CPU
		{2676CBA5-8575-4562-9A29-EB7363635EC5}.Debug|x64.ActiveCfg = Debug|Any CPU
		{2676CBA5-8575-4562-9A29-EB7363635EC5}.Debug|x64.Build.0 = Debug|Any CPU
		{2676CBA5-8575-4562-9A29-EB7363635EC5}.Debug|x86.ActiveCfg = Debug|Any CPU
		{2676CBA5-8575-4562-9A29-EB7363635EC5}.Debug|x86.Build.0 = Debug|Any CPU
		{2676CBA5-8575-4562-9A29-EB7363635EC5}.Release|Any CPU.ActiveCfg = Release|Any CPU
		{2676CBA5-8575-4562-9A29-EB7363635EC5}.Release|Any CPU.Build.0 = Release|Any CPU
		{2676CBA5-8575-4562-9A29-EB7363635EC5}.Release|arm64.ActiveCfg = Release|Any CPU
		{2676CBA5-8575-4562-9A29-EB7363635EC5}.Release|arm64.Build.0 = Release|Any CPU
		{2676CBA5-8575-4562-9A29-EB7363635EC5}.Release|x64.ActiveCfg = Release|Any CPU
		{2676CBA5-8575-4562-9A29-EB7363635EC5}.Release|x64.Build.0 = Release|Any CPU
		{2676CBA5-8575-4562-9A29-EB7363635EC5}.Release|x86.ActiveCfg = Release|Any CPU
		{2676CBA5-8575-4562-9A29-EB7363635EC5}.Release|x86.Build.0 = Release|Any CPU
		{9789EEC7-8247-41B7-87BD-C4269817CF2B}.Debug|Any CPU.ActiveCfg = Debug|Any CPU
		{9789EEC7-8247-41B7-87BD-C4269817CF2B}.Debug|Any CPU.Build.0 = Debug|Any CPU
		{9789EEC7-8247-41B7-87BD-C4269817CF2B}.Debug|arm64.ActiveCfg = Debug|Any CPU
		{9789EEC7-8247-41B7-87BD-C4269817CF2B}.Debug|arm64.Build.0 = Debug|Any CPU
		{9789EEC7-8247-41B7-87BD-C4269817CF2B}.Debug|x64.ActiveCfg = Debug|Any CPU
		{9789EEC7-8247-41B7-87BD-C4269817CF2B}.Debug|x64.Build.0 = Debug|Any CPU
		{9789EEC7-8247-41B7-87BD-C4269817CF2B}.Debug|x86.ActiveCfg = Debug|Any CPU
		{9789EEC7-8247-41B7-87BD-C4269817CF2B}.Debug|x86.Build.0 = Debug|Any CPU
		{9789EEC7-8247-41B7-87BD-C4269817CF2B}.Release|Any CPU.ActiveCfg = Release|Any CPU
		{9789EEC7-8247-41B7-87BD-C4269817CF2B}.Release|Any CPU.Build.0 = Release|Any CPU
		{9789EEC7-8247-41B7-87BD-C4269817CF2B}.Release|arm64.ActiveCfg = Release|Any CPU
		{9789EEC7-8247-41B7-87BD-C4269817CF2B}.Release|arm64.Build.0 = Release|Any CPU
		{9789EEC7-8247-41B7-87BD-C4269817CF2B}.Release|x64.ActiveCfg = Release|Any CPU
		{9789EEC7-8247-41B7-87BD-C4269817CF2B}.Release|x64.Build.0 = Release|Any CPU
		{9789EEC7-8247-41B7-87BD-C4269817CF2B}.Release|x86.ActiveCfg = Release|Any CPU
		{9789EEC7-8247-41B7-87BD-C4269817CF2B}.Release|x86.Build.0 = Release|Any CPU
		{CE89CAE5-C61B-48B5-9A24-C67445915CA9}.Debug|Any CPU.ActiveCfg = Debug|Any CPU
		{CE89CAE5-C61B-48B5-9A24-C67445915CA9}.Debug|Any CPU.Build.0 = Debug|Any CPU
		{CE89CAE5-C61B-48B5-9A24-C67445915CA9}.Debug|arm64.ActiveCfg = Debug|Any CPU
		{CE89CAE5-C61B-48B5-9A24-C67445915CA9}.Debug|arm64.Build.0 = Debug|Any CPU
		{CE89CAE5-C61B-48B5-9A24-C67445915CA9}.Debug|x64.ActiveCfg = Debug|Any CPU
		{CE89CAE5-C61B-48B5-9A24-C67445915CA9}.Debug|x64.Build.0 = Debug|Any CPU
		{CE89CAE5-C61B-48B5-9A24-C67445915CA9}.Debug|x86.ActiveCfg = Debug|Any CPU
		{CE89CAE5-C61B-48B5-9A24-C67445915CA9}.Debug|x86.Build.0 = Debug|Any CPU
		{CE89CAE5-C61B-48B5-9A24-C67445915CA9}.Release|Any CPU.ActiveCfg = Release|Any CPU
		{CE89CAE5-C61B-48B5-9A24-C67445915CA9}.Release|Any CPU.Build.0 = Release|Any CPU
		{CE89CAE5-C61B-48B5-9A24-C67445915CA9}.Release|arm64.ActiveCfg = Release|Any CPU
		{CE89CAE5-C61B-48B5-9A24-C67445915CA9}.Release|arm64.Build.0 = Release|Any CPU
		{CE89CAE5-C61B-48B5-9A24-C67445915CA9}.Release|x64.ActiveCfg = Release|Any CPU
		{CE89CAE5-C61B-48B5-9A24-C67445915CA9}.Release|x64.Build.0 = Release|Any CPU
		{CE89CAE5-C61B-48B5-9A24-C67445915CA9}.Release|x86.ActiveCfg = Release|Any CPU
		{CE89CAE5-C61B-48B5-9A24-C67445915CA9}.Release|x86.Build.0 = Release|Any CPU
		{9D2D592B-0C41-4271-B6C0-119746F589E7}.Debug|Any CPU.ActiveCfg = Debug|Any CPU
		{9D2D592B-0C41-4271-B6C0-119746F589E7}.Debug|Any CPU.Build.0 = Debug|Any CPU
		{9D2D592B-0C41-4271-B6C0-119746F589E7}.Debug|arm64.ActiveCfg = Debug|Any CPU
		{9D2D592B-0C41-4271-B6C0-119746F589E7}.Debug|arm64.Build.0 = Debug|Any CPU
		{9D2D592B-0C41-4271-B6C0-119746F589E7}.Debug|x64.ActiveCfg = Debug|Any CPU
		{9D2D592B-0C41-4271-B6C0-119746F589E7}.Debug|x64.Build.0 = Debug|Any CPU
		{9D2D592B-0C41-4271-B6C0-119746F589E7}.Debug|x86.ActiveCfg = Debug|Any CPU
		{9D2D592B-0C41-4271-B6C0-119746F589E7}.Debug|x86.Build.0 = Debug|Any CPU
		{9D2D592B-0C41-4271-B6C0-119746F589E7}.Release|Any CPU.ActiveCfg = Release|Any CPU
		{9D2D592B-0C41-4271-B6C0-119746F589E7}.Release|Any CPU.Build.0 = Release|Any CPU
		{9D2D592B-0C41-4271-B6C0-119746F589E7}.Release|arm64.ActiveCfg = Release|Any CPU
		{9D2D592B-0C41-4271-B6C0-119746F589E7}.Release|arm64.Build.0 = Release|Any CPU
		{9D2D592B-0C41-4271-B6C0-119746F589E7}.Release|x64.ActiveCfg = Release|Any CPU
		{9D2D592B-0C41-4271-B6C0-119746F589E7}.Release|x64.Build.0 = Release|Any CPU
		{9D2D592B-0C41-4271-B6C0-119746F589E7}.Release|x86.ActiveCfg = Release|Any CPU
		{9D2D592B-0C41-4271-B6C0-119746F589E7}.Release|x86.Build.0 = Release|Any CPU
		{EC3F6273-86C7-43EC-947D-E826BD1F2E40}.Debug|Any CPU.ActiveCfg = Debug|Any CPU
		{EC3F6273-86C7-43EC-947D-E826BD1F2E40}.Debug|Any CPU.Build.0 = Debug|Any CPU
		{EC3F6273-86C7-43EC-947D-E826BD1F2E40}.Debug|arm64.ActiveCfg = Debug|Any CPU
		{EC3F6273-86C7-43EC-947D-E826BD1F2E40}.Debug|arm64.Build.0 = Debug|Any CPU
		{EC3F6273-86C7-43EC-947D-E826BD1F2E40}.Debug|x64.ActiveCfg = Debug|Any CPU
		{EC3F6273-86C7-43EC-947D-E826BD1F2E40}.Debug|x64.Build.0 = Debug|Any CPU
		{EC3F6273-86C7-43EC-947D-E826BD1F2E40}.Debug|x86.ActiveCfg = Debug|Any CPU
		{EC3F6273-86C7-43EC-947D-E826BD1F2E40}.Debug|x86.Build.0 = Debug|Any CPU
		{EC3F6273-86C7-43EC-947D-E826BD1F2E40}.Release|Any CPU.ActiveCfg = Release|Any CPU
		{EC3F6273-86C7-43EC-947D-E826BD1F2E40}.Release|Any CPU.Build.0 = Release|Any CPU
		{EC3F6273-86C7-43EC-947D-E826BD1F2E40}.Release|arm64.ActiveCfg = Release|Any CPU
		{EC3F6273-86C7-43EC-947D-E826BD1F2E40}.Release|arm64.Build.0 = Release|Any CPU
		{EC3F6273-86C7-43EC-947D-E826BD1F2E40}.Release|x64.ActiveCfg = Release|Any CPU
		{EC3F6273-86C7-43EC-947D-E826BD1F2E40}.Release|x64.Build.0 = Release|Any CPU
		{EC3F6273-86C7-43EC-947D-E826BD1F2E40}.Release|x86.ActiveCfg = Release|Any CPU
		{EC3F6273-86C7-43EC-947D-E826BD1F2E40}.Release|x86.Build.0 = Release|Any CPU
		{C4EFEFEF-81F7-4FBD-888F-EFA396B795EA}.Debug|Any CPU.ActiveCfg = Debug|Any CPU
		{C4EFEFEF-81F7-4FBD-888F-EFA396B795EA}.Debug|Any CPU.Build.0 = Debug|Any CPU
		{C4EFEFEF-81F7-4FBD-888F-EFA396B795EA}.Debug|arm64.ActiveCfg = Debug|Any CPU
		{C4EFEFEF-81F7-4FBD-888F-EFA396B795EA}.Debug|arm64.Build.0 = Debug|Any CPU
		{C4EFEFEF-81F7-4FBD-888F-EFA396B795EA}.Debug|x64.ActiveCfg = Debug|Any CPU
		{C4EFEFEF-81F7-4FBD-888F-EFA396B795EA}.Debug|x64.Build.0 = Debug|Any CPU
		{C4EFEFEF-81F7-4FBD-888F-EFA396B795EA}.Debug|x86.ActiveCfg = Debug|Any CPU
		{C4EFEFEF-81F7-4FBD-888F-EFA396B795EA}.Debug|x86.Build.0 = Debug|Any CPU
		{C4EFEFEF-81F7-4FBD-888F-EFA396B795EA}.Release|Any CPU.ActiveCfg = Release|Any CPU
		{C4EFEFEF-81F7-4FBD-888F-EFA396B795EA}.Release|Any CPU.Build.0 = Release|Any CPU
		{C4EFEFEF-81F7-4FBD-888F-EFA396B795EA}.Release|arm64.ActiveCfg = Release|Any CPU
		{C4EFEFEF-81F7-4FBD-888F-EFA396B795EA}.Release|arm64.Build.0 = Release|Any CPU
		{C4EFEFEF-81F7-4FBD-888F-EFA396B795EA}.Release|x64.ActiveCfg = Release|Any CPU
		{C4EFEFEF-81F7-4FBD-888F-EFA396B795EA}.Release|x64.Build.0 = Release|Any CPU
		{C4EFEFEF-81F7-4FBD-888F-EFA396B795EA}.Release|x86.ActiveCfg = Release|Any CPU
		{C4EFEFEF-81F7-4FBD-888F-EFA396B795EA}.Release|x86.Build.0 = Release|Any CPU
		{8CB61F9D-9147-4B94-8852-28B16086B8C1}.Debug|Any CPU.ActiveCfg = Debug|Any CPU
		{8CB61F9D-9147-4B94-8852-28B16086B8C1}.Debug|Any CPU.Build.0 = Debug|Any CPU
		{8CB61F9D-9147-4B94-8852-28B16086B8C1}.Debug|arm64.ActiveCfg = Debug|Any CPU
		{8CB61F9D-9147-4B94-8852-28B16086B8C1}.Debug|arm64.Build.0 = Debug|Any CPU
		{8CB61F9D-9147-4B94-8852-28B16086B8C1}.Debug|x64.ActiveCfg = Debug|Any CPU
		{8CB61F9D-9147-4B94-8852-28B16086B8C1}.Debug|x64.Build.0 = Debug|Any CPU
		{8CB61F9D-9147-4B94-8852-28B16086B8C1}.Debug|x86.ActiveCfg = Debug|Any CPU
		{8CB61F9D-9147-4B94-8852-28B16086B8C1}.Debug|x86.Build.0 = Debug|Any CPU
		{8CB61F9D-9147-4B94-8852-28B16086B8C1}.Release|Any CPU.ActiveCfg = Release|Any CPU
		{8CB61F9D-9147-4B94-8852-28B16086B8C1}.Release|Any CPU.Build.0 = Release|Any CPU
		{8CB61F9D-9147-4B94-8852-28B16086B8C1}.Release|arm64.ActiveCfg = Release|Any CPU
		{8CB61F9D-9147-4B94-8852-28B16086B8C1}.Release|arm64.Build.0 = Release|Any CPU
		{8CB61F9D-9147-4B94-8852-28B16086B8C1}.Release|x64.ActiveCfg = Release|Any CPU
		{8CB61F9D-9147-4B94-8852-28B16086B8C1}.Release|x64.Build.0 = Release|Any CPU
		{8CB61F9D-9147-4B94-8852-28B16086B8C1}.Release|x86.ActiveCfg = Release|Any CPU
		{8CB61F9D-9147-4B94-8852-28B16086B8C1}.Release|x86.Build.0 = Release|Any CPU
		{2EA05AFE-2AAE-4568-9770-9C1EF6D697D0}.Debug|Any CPU.ActiveCfg = Debug|Any CPU
		{2EA05AFE-2AAE-4568-9770-9C1EF6D697D0}.Debug|Any CPU.Build.0 = Debug|Any CPU
		{2EA05AFE-2AAE-4568-9770-9C1EF6D697D0}.Debug|arm64.ActiveCfg = Debug|Any CPU
		{2EA05AFE-2AAE-4568-9770-9C1EF6D697D0}.Debug|arm64.Build.0 = Debug|Any CPU
		{2EA05AFE-2AAE-4568-9770-9C1EF6D697D0}.Debug|x64.ActiveCfg = Debug|Any CPU
		{2EA05AFE-2AAE-4568-9770-9C1EF6D697D0}.Debug|x64.Build.0 = Debug|Any CPU
		{2EA05AFE-2AAE-4568-9770-9C1EF6D697D0}.Debug|x86.ActiveCfg = Debug|Any CPU
		{2EA05AFE-2AAE-4568-9770-9C1EF6D697D0}.Debug|x86.Build.0 = Debug|Any CPU
		{2EA05AFE-2AAE-4568-9770-9C1EF6D697D0}.Release|Any CPU.ActiveCfg = Release|Any CPU
		{2EA05AFE-2AAE-4568-9770-9C1EF6D697D0}.Release|Any CPU.Build.0 = Release|Any CPU
		{2EA05AFE-2AAE-4568-9770-9C1EF6D697D0}.Release|arm64.ActiveCfg = Release|Any CPU
		{2EA05AFE-2AAE-4568-9770-9C1EF6D697D0}.Release|arm64.Build.0 = Release|Any CPU
		{2EA05AFE-2AAE-4568-9770-9C1EF6D697D0}.Release|x64.ActiveCfg = Release|Any CPU
		{2EA05AFE-2AAE-4568-9770-9C1EF6D697D0}.Release|x64.Build.0 = Release|Any CPU
		{2EA05AFE-2AAE-4568-9770-9C1EF6D697D0}.Release|x86.ActiveCfg = Release|Any CPU
		{2EA05AFE-2AAE-4568-9770-9C1EF6D697D0}.Release|x86.Build.0 = Release|Any CPU
		{49D2217C-85BD-4A89-8E5E-3CD126F57F0B}.Debug|Any CPU.ActiveCfg = Debug|Any CPU
		{49D2217C-85BD-4A89-8E5E-3CD126F57F0B}.Debug|Any CPU.Build.0 = Debug|Any CPU
		{49D2217C-85BD-4A89-8E5E-3CD126F57F0B}.Debug|arm64.ActiveCfg = Debug|Any CPU
		{49D2217C-85BD-4A89-8E5E-3CD126F57F0B}.Debug|arm64.Build.0 = Debug|Any CPU
		{49D2217C-85BD-4A89-8E5E-3CD126F57F0B}.Debug|x64.ActiveCfg = Debug|Any CPU
		{49D2217C-85BD-4A89-8E5E-3CD126F57F0B}.Debug|x64.Build.0 = Debug|Any CPU
		{49D2217C-85BD-4A89-8E5E-3CD126F57F0B}.Debug|x86.ActiveCfg = Debug|Any CPU
		{49D2217C-85BD-4A89-8E5E-3CD126F57F0B}.Debug|x86.Build.0 = Debug|Any CPU
		{49D2217C-85BD-4A89-8E5E-3CD126F57F0B}.Release|Any CPU.ActiveCfg = Release|Any CPU
		{49D2217C-85BD-4A89-8E5E-3CD126F57F0B}.Release|Any CPU.Build.0 = Release|Any CPU
		{49D2217C-85BD-4A89-8E5E-3CD126F57F0B}.Release|arm64.ActiveCfg = Release|Any CPU
		{49D2217C-85BD-4A89-8E5E-3CD126F57F0B}.Release|arm64.Build.0 = Release|Any CPU
		{49D2217C-85BD-4A89-8E5E-3CD126F57F0B}.Release|x64.ActiveCfg = Release|Any CPU
		{49D2217C-85BD-4A89-8E5E-3CD126F57F0B}.Release|x64.Build.0 = Release|Any CPU
		{49D2217C-85BD-4A89-8E5E-3CD126F57F0B}.Release|x86.ActiveCfg = Release|Any CPU
		{49D2217C-85BD-4A89-8E5E-3CD126F57F0B}.Release|x86.Build.0 = Release|Any CPU
		{664F1FAB-CCB3-4C17-89D2-64A636C1A32B}.Debug|Any CPU.ActiveCfg = Debug|Any CPU
		{664F1FAB-CCB3-4C17-89D2-64A636C1A32B}.Debug|Any CPU.Build.0 = Debug|Any CPU
		{664F1FAB-CCB3-4C17-89D2-64A636C1A32B}.Debug|arm64.ActiveCfg = Debug|Any CPU
		{664F1FAB-CCB3-4C17-89D2-64A636C1A32B}.Debug|arm64.Build.0 = Debug|Any CPU
		{664F1FAB-CCB3-4C17-89D2-64A636C1A32B}.Debug|x64.ActiveCfg = Debug|Any CPU
		{664F1FAB-CCB3-4C17-89D2-64A636C1A32B}.Debug|x64.Build.0 = Debug|Any CPU
		{664F1FAB-CCB3-4C17-89D2-64A636C1A32B}.Debug|x86.ActiveCfg = Debug|Any CPU
		{664F1FAB-CCB3-4C17-89D2-64A636C1A32B}.Debug|x86.Build.0 = Debug|Any CPU
		{664F1FAB-CCB3-4C17-89D2-64A636C1A32B}.Release|Any CPU.ActiveCfg = Release|Any CPU
		{664F1FAB-CCB3-4C17-89D2-64A636C1A32B}.Release|Any CPU.Build.0 = Release|Any CPU
		{664F1FAB-CCB3-4C17-89D2-64A636C1A32B}.Release|arm64.ActiveCfg = Release|Any CPU
		{664F1FAB-CCB3-4C17-89D2-64A636C1A32B}.Release|arm64.Build.0 = Release|Any CPU
		{664F1FAB-CCB3-4C17-89D2-64A636C1A32B}.Release|x64.ActiveCfg = Release|Any CPU
		{664F1FAB-CCB3-4C17-89D2-64A636C1A32B}.Release|x64.Build.0 = Release|Any CPU
		{664F1FAB-CCB3-4C17-89D2-64A636C1A32B}.Release|x86.ActiveCfg = Release|Any CPU
		{664F1FAB-CCB3-4C17-89D2-64A636C1A32B}.Release|x86.Build.0 = Release|Any CPU
		{6F4886DA-A9E3-4706-B88D-99CDE530BE96}.Debug|Any CPU.ActiveCfg = Debug|Any CPU
		{6F4886DA-A9E3-4706-B88D-99CDE530BE96}.Debug|Any CPU.Build.0 = Debug|Any CPU
		{6F4886DA-A9E3-4706-B88D-99CDE530BE96}.Debug|arm64.ActiveCfg = Debug|Any CPU
		{6F4886DA-A9E3-4706-B88D-99CDE530BE96}.Debug|arm64.Build.0 = Debug|Any CPU
		{6F4886DA-A9E3-4706-B88D-99CDE530BE96}.Debug|x64.ActiveCfg = Debug|Any CPU
		{6F4886DA-A9E3-4706-B88D-99CDE530BE96}.Debug|x64.Build.0 = Debug|Any CPU
		{6F4886DA-A9E3-4706-B88D-99CDE530BE96}.Debug|x86.ActiveCfg = Debug|Any CPU
		{6F4886DA-A9E3-4706-B88D-99CDE530BE96}.Debug|x86.Build.0 = Debug|Any CPU
		{6F4886DA-A9E3-4706-B88D-99CDE530BE96}.Release|Any CPU.ActiveCfg = Release|Any CPU
		{6F4886DA-A9E3-4706-B88D-99CDE530BE96}.Release|Any CPU.Build.0 = Release|Any CPU
		{6F4886DA-A9E3-4706-B88D-99CDE530BE96}.Release|arm64.ActiveCfg = Release|Any CPU
		{6F4886DA-A9E3-4706-B88D-99CDE530BE96}.Release|arm64.Build.0 = Release|Any CPU
		{6F4886DA-A9E3-4706-B88D-99CDE530BE96}.Release|x64.ActiveCfg = Release|Any CPU
		{6F4886DA-A9E3-4706-B88D-99CDE530BE96}.Release|x64.Build.0 = Release|Any CPU
		{6F4886DA-A9E3-4706-B88D-99CDE530BE96}.Release|x86.ActiveCfg = Release|Any CPU
		{6F4886DA-A9E3-4706-B88D-99CDE530BE96}.Release|x86.Build.0 = Release|Any CPU
		{BF7C92EE-603E-43D8-9C21-FA186FA2199D}.Debug|Any CPU.ActiveCfg = Debug|Any CPU
		{BF7C92EE-603E-43D8-9C21-FA186FA2199D}.Debug|Any CPU.Build.0 = Debug|Any CPU
		{BF7C92EE-603E-43D8-9C21-FA186FA2199D}.Debug|arm64.ActiveCfg = Debug|Any CPU
		{BF7C92EE-603E-43D8-9C21-FA186FA2199D}.Debug|arm64.Build.0 = Debug|Any CPU
		{BF7C92EE-603E-43D8-9C21-FA186FA2199D}.Debug|x64.ActiveCfg = Debug|Any CPU
		{BF7C92EE-603E-43D8-9C21-FA186FA2199D}.Debug|x64.Build.0 = Debug|Any CPU
		{BF7C92EE-603E-43D8-9C21-FA186FA2199D}.Debug|x86.ActiveCfg = Debug|Any CPU
		{BF7C92EE-603E-43D8-9C21-FA186FA2199D}.Debug|x86.Build.0 = Debug|Any CPU
		{BF7C92EE-603E-43D8-9C21-FA186FA2199D}.Release|Any CPU.ActiveCfg = Release|Any CPU
		{BF7C92EE-603E-43D8-9C21-FA186FA2199D}.Release|Any CPU.Build.0 = Release|Any CPU
		{BF7C92EE-603E-43D8-9C21-FA186FA2199D}.Release|arm64.ActiveCfg = Release|Any CPU
		{BF7C92EE-603E-43D8-9C21-FA186FA2199D}.Release|arm64.Build.0 = Release|Any CPU
		{BF7C92EE-603E-43D8-9C21-FA186FA2199D}.Release|x64.ActiveCfg = Release|Any CPU
		{BF7C92EE-603E-43D8-9C21-FA186FA2199D}.Release|x64.Build.0 = Release|Any CPU
		{BF7C92EE-603E-43D8-9C21-FA186FA2199D}.Release|x86.ActiveCfg = Release|Any CPU
		{BF7C92EE-603E-43D8-9C21-FA186FA2199D}.Release|x86.Build.0 = Release|Any CPU
		{05C744EA-2E3B-4B23-99E4-01897DFBA94B}.Debug|Any CPU.ActiveCfg = Debug|Any CPU
		{05C744EA-2E3B-4B23-99E4-01897DFBA94B}.Debug|Any CPU.Build.0 = Debug|Any CPU
		{05C744EA-2E3B-4B23-99E4-01897DFBA94B}.Debug|arm64.ActiveCfg = Debug|Any CPU
		{05C744EA-2E3B-4B23-99E4-01897DFBA94B}.Debug|arm64.Build.0 = Debug|Any CPU
		{05C744EA-2E3B-4B23-99E4-01897DFBA94B}.Debug|x64.ActiveCfg = Debug|Any CPU
		{05C744EA-2E3B-4B23-99E4-01897DFBA94B}.Debug|x64.Build.0 = Debug|Any CPU
		{05C744EA-2E3B-4B23-99E4-01897DFBA94B}.Debug|x86.ActiveCfg = Debug|Any CPU
		{05C744EA-2E3B-4B23-99E4-01897DFBA94B}.Debug|x86.Build.0 = Debug|Any CPU
		{05C744EA-2E3B-4B23-99E4-01897DFBA94B}.Release|Any CPU.ActiveCfg = Release|Any CPU
		{05C744EA-2E3B-4B23-99E4-01897DFBA94B}.Release|Any CPU.Build.0 = Release|Any CPU
		{05C744EA-2E3B-4B23-99E4-01897DFBA94B}.Release|arm64.ActiveCfg = Release|Any CPU
		{05C744EA-2E3B-4B23-99E4-01897DFBA94B}.Release|arm64.Build.0 = Release|Any CPU
		{05C744EA-2E3B-4B23-99E4-01897DFBA94B}.Release|x64.ActiveCfg = Release|Any CPU
		{05C744EA-2E3B-4B23-99E4-01897DFBA94B}.Release|x64.Build.0 = Release|Any CPU
		{05C744EA-2E3B-4B23-99E4-01897DFBA94B}.Release|x86.ActiveCfg = Release|Any CPU
		{05C744EA-2E3B-4B23-99E4-01897DFBA94B}.Release|x86.Build.0 = Release|Any CPU
		{D4FF3105-EA33-4B36-80E1-78787327FD00}.Debug|Any CPU.ActiveCfg = Debug|Any CPU
		{D4FF3105-EA33-4B36-80E1-78787327FD00}.Debug|Any CPU.Build.0 = Debug|Any CPU
		{D4FF3105-EA33-4B36-80E1-78787327FD00}.Debug|arm64.ActiveCfg = Debug|Any CPU
		{D4FF3105-EA33-4B36-80E1-78787327FD00}.Debug|arm64.Build.0 = Debug|Any CPU
		{D4FF3105-EA33-4B36-80E1-78787327FD00}.Debug|x64.ActiveCfg = Debug|Any CPU
		{D4FF3105-EA33-4B36-80E1-78787327FD00}.Debug|x64.Build.0 = Debug|Any CPU
		{D4FF3105-EA33-4B36-80E1-78787327FD00}.Debug|x86.ActiveCfg = Debug|Any CPU
		{D4FF3105-EA33-4B36-80E1-78787327FD00}.Debug|x86.Build.0 = Debug|Any CPU
		{D4FF3105-EA33-4B36-80E1-78787327FD00}.Release|Any CPU.ActiveCfg = Release|Any CPU
		{D4FF3105-EA33-4B36-80E1-78787327FD00}.Release|Any CPU.Build.0 = Release|Any CPU
		{D4FF3105-EA33-4B36-80E1-78787327FD00}.Release|arm64.ActiveCfg = Release|Any CPU
		{D4FF3105-EA33-4B36-80E1-78787327FD00}.Release|arm64.Build.0 = Release|Any CPU
		{D4FF3105-EA33-4B36-80E1-78787327FD00}.Release|x64.ActiveCfg = Release|Any CPU
		{D4FF3105-EA33-4B36-80E1-78787327FD00}.Release|x64.Build.0 = Release|Any CPU
		{D4FF3105-EA33-4B36-80E1-78787327FD00}.Release|x86.ActiveCfg = Release|Any CPU
		{D4FF3105-EA33-4B36-80E1-78787327FD00}.Release|x86.Build.0 = Release|Any CPU
		{266AE59C-ECA5-4F07-9D0D-FF657B7BCFF6}.Debug|Any CPU.ActiveCfg = Debug|x64
		{266AE59C-ECA5-4F07-9D0D-FF657B7BCFF6}.Debug|Any CPU.Build.0 = Debug|x64
		{266AE59C-ECA5-4F07-9D0D-FF657B7BCFF6}.Debug|arm64.ActiveCfg = Debug|arm64
		{266AE59C-ECA5-4F07-9D0D-FF657B7BCFF6}.Debug|arm64.Build.0 = Debug|arm64
		{266AE59C-ECA5-4F07-9D0D-FF657B7BCFF6}.Debug|x64.ActiveCfg = Debug|x64
		{266AE59C-ECA5-4F07-9D0D-FF657B7BCFF6}.Debug|x64.Build.0 = Debug|x64
		{266AE59C-ECA5-4F07-9D0D-FF657B7BCFF6}.Debug|x86.ActiveCfg = Debug|x86
		{266AE59C-ECA5-4F07-9D0D-FF657B7BCFF6}.Debug|x86.Build.0 = Debug|x86
		{266AE59C-ECA5-4F07-9D0D-FF657B7BCFF6}.Release|Any CPU.ActiveCfg = Release|x64
		{266AE59C-ECA5-4F07-9D0D-FF657B7BCFF6}.Release|Any CPU.Build.0 = Release|x64
		{266AE59C-ECA5-4F07-9D0D-FF657B7BCFF6}.Release|arm64.ActiveCfg = Release|arm64
		{266AE59C-ECA5-4F07-9D0D-FF657B7BCFF6}.Release|arm64.Build.0 = Release|arm64
		{266AE59C-ECA5-4F07-9D0D-FF657B7BCFF6}.Release|x64.ActiveCfg = Release|x64
		{266AE59C-ECA5-4F07-9D0D-FF657B7BCFF6}.Release|x64.Build.0 = Release|x64
		{266AE59C-ECA5-4F07-9D0D-FF657B7BCFF6}.Release|x86.ActiveCfg = Release|x86
		{266AE59C-ECA5-4F07-9D0D-FF657B7BCFF6}.Release|x86.Build.0 = Release|x86
		{B16237E8-61A3-49AB-9FF0-F80842899AC6}.Debug|Any CPU.ActiveCfg = Debug|x64
		{B16237E8-61A3-49AB-9FF0-F80842899AC6}.Debug|Any CPU.Build.0 = Debug|x64
		{B16237E8-61A3-49AB-9FF0-F80842899AC6}.Debug|Any CPU.Deploy.0 = Debug|x64
		{B16237E8-61A3-49AB-9FF0-F80842899AC6}.Debug|arm64.ActiveCfg = Debug|arm64
		{B16237E8-61A3-49AB-9FF0-F80842899AC6}.Debug|arm64.Build.0 = Debug|arm64
		{B16237E8-61A3-49AB-9FF0-F80842899AC6}.Debug|arm64.Deploy.0 = Debug|arm64
		{B16237E8-61A3-49AB-9FF0-F80842899AC6}.Debug|x64.ActiveCfg = Debug|x64
		{B16237E8-61A3-49AB-9FF0-F80842899AC6}.Debug|x64.Build.0 = Debug|x64
		{B16237E8-61A3-49AB-9FF0-F80842899AC6}.Debug|x64.Deploy.0 = Debug|x64
		{B16237E8-61A3-49AB-9FF0-F80842899AC6}.Debug|x86.ActiveCfg = Debug|x86
		{B16237E8-61A3-49AB-9FF0-F80842899AC6}.Debug|x86.Build.0 = Debug|x86
		{B16237E8-61A3-49AB-9FF0-F80842899AC6}.Debug|x86.Deploy.0 = Debug|x86
		{B16237E8-61A3-49AB-9FF0-F80842899AC6}.Release|Any CPU.ActiveCfg = Release|x64
		{B16237E8-61A3-49AB-9FF0-F80842899AC6}.Release|Any CPU.Build.0 = Release|x64
		{B16237E8-61A3-49AB-9FF0-F80842899AC6}.Release|Any CPU.Deploy.0 = Release|x64
		{B16237E8-61A3-49AB-9FF0-F80842899AC6}.Release|arm64.ActiveCfg = Release|arm64
		{B16237E8-61A3-49AB-9FF0-F80842899AC6}.Release|arm64.Build.0 = Release|arm64
		{B16237E8-61A3-49AB-9FF0-F80842899AC6}.Release|arm64.Deploy.0 = Release|arm64
		{B16237E8-61A3-49AB-9FF0-F80842899AC6}.Release|x64.ActiveCfg = Release|x64
		{B16237E8-61A3-49AB-9FF0-F80842899AC6}.Release|x64.Build.0 = Release|x64
		{B16237E8-61A3-49AB-9FF0-F80842899AC6}.Release|x64.Deploy.0 = Release|x64
		{B16237E8-61A3-49AB-9FF0-F80842899AC6}.Release|x86.ActiveCfg = Release|x86
		{B16237E8-61A3-49AB-9FF0-F80842899AC6}.Release|x86.Build.0 = Release|x86
		{B16237E8-61A3-49AB-9FF0-F80842899AC6}.Release|x86.Deploy.0 = Release|x86
		{C06B2334-1106-4CEA-A717-BEF000CC0777}.Debug|Any CPU.ActiveCfg = Debug|Any CPU
		{C06B2334-1106-4CEA-A717-BEF000CC0777}.Debug|Any CPU.Build.0 = Debug|Any CPU
		{C06B2334-1106-4CEA-A717-BEF000CC0777}.Debug|arm64.ActiveCfg = Debug|Any CPU
		{C06B2334-1106-4CEA-A717-BEF000CC0777}.Debug|arm64.Build.0 = Debug|Any CPU
		{C06B2334-1106-4CEA-A717-BEF000CC0777}.Debug|x64.ActiveCfg = Debug|Any CPU
		{C06B2334-1106-4CEA-A717-BEF000CC0777}.Debug|x64.Build.0 = Debug|Any CPU
		{C06B2334-1106-4CEA-A717-BEF000CC0777}.Debug|x86.ActiveCfg = Debug|Any CPU
		{C06B2334-1106-4CEA-A717-BEF000CC0777}.Debug|x86.Build.0 = Debug|Any CPU
		{C06B2334-1106-4CEA-A717-BEF000CC0777}.Release|Any CPU.ActiveCfg = Release|Any CPU
		{C06B2334-1106-4CEA-A717-BEF000CC0777}.Release|Any CPU.Build.0 = Release|Any CPU
		{C06B2334-1106-4CEA-A717-BEF000CC0777}.Release|arm64.ActiveCfg = Release|Any CPU
		{C06B2334-1106-4CEA-A717-BEF000CC0777}.Release|arm64.Build.0 = Release|Any CPU
		{C06B2334-1106-4CEA-A717-BEF000CC0777}.Release|x64.ActiveCfg = Release|Any CPU
		{C06B2334-1106-4CEA-A717-BEF000CC0777}.Release|x64.Build.0 = Release|Any CPU
		{C06B2334-1106-4CEA-A717-BEF000CC0777}.Release|x86.ActiveCfg = Release|Any CPU
		{C06B2334-1106-4CEA-A717-BEF000CC0777}.Release|x86.Build.0 = Release|Any CPU
		{F053E912-8B07-4890-B648-BF54914CFBC0}.Debug|Any CPU.ActiveCfg = Debug|Any CPU
		{F053E912-8B07-4890-B648-BF54914CFBC0}.Debug|Any CPU.Build.0 = Debug|Any CPU
		{F053E912-8B07-4890-B648-BF54914CFBC0}.Debug|arm64.ActiveCfg = Debug|Any CPU
		{F053E912-8B07-4890-B648-BF54914CFBC0}.Debug|arm64.Build.0 = Debug|Any CPU
		{F053E912-8B07-4890-B648-BF54914CFBC0}.Debug|x64.ActiveCfg = Debug|Any CPU
		{F053E912-8B07-4890-B648-BF54914CFBC0}.Debug|x64.Build.0 = Debug|Any CPU
		{F053E912-8B07-4890-B648-BF54914CFBC0}.Debug|x86.ActiveCfg = Debug|Any CPU
		{F053E912-8B07-4890-B648-BF54914CFBC0}.Debug|x86.Build.0 = Debug|Any CPU
		{F053E912-8B07-4890-B648-BF54914CFBC0}.Release|Any CPU.ActiveCfg = Release|Any CPU
		{F053E912-8B07-4890-B648-BF54914CFBC0}.Release|Any CPU.Build.0 = Release|Any CPU
		{F053E912-8B07-4890-B648-BF54914CFBC0}.Release|arm64.ActiveCfg = Release|Any CPU
		{F053E912-8B07-4890-B648-BF54914CFBC0}.Release|arm64.Build.0 = Release|Any CPU
		{F053E912-8B07-4890-B648-BF54914CFBC0}.Release|x64.ActiveCfg = Release|Any CPU
		{F053E912-8B07-4890-B648-BF54914CFBC0}.Release|x64.Build.0 = Release|Any CPU
		{F053E912-8B07-4890-B648-BF54914CFBC0}.Release|x86.ActiveCfg = Release|Any CPU
		{F053E912-8B07-4890-B648-BF54914CFBC0}.Release|x86.Build.0 = Release|Any CPU
		{D5714340-DF2F-46F2-AC84-17D14FCBA2B7}.Debug|Any CPU.ActiveCfg = Debug|Any CPU
		{D5714340-DF2F-46F2-AC84-17D14FCBA2B7}.Debug|Any CPU.Build.0 = Debug|Any CPU
		{D5714340-DF2F-46F2-AC84-17D14FCBA2B7}.Debug|arm64.ActiveCfg = Debug|Any CPU
		{D5714340-DF2F-46F2-AC84-17D14FCBA2B7}.Debug|arm64.Build.0 = Debug|Any CPU
		{D5714340-DF2F-46F2-AC84-17D14FCBA2B7}.Debug|x64.ActiveCfg = Debug|Any CPU
		{D5714340-DF2F-46F2-AC84-17D14FCBA2B7}.Debug|x64.Build.0 = Debug|Any CPU
		{D5714340-DF2F-46F2-AC84-17D14FCBA2B7}.Debug|x86.ActiveCfg = Debug|Any CPU
		{D5714340-DF2F-46F2-AC84-17D14FCBA2B7}.Debug|x86.Build.0 = Debug|Any CPU
		{D5714340-DF2F-46F2-AC84-17D14FCBA2B7}.Release|Any CPU.ActiveCfg = Release|Any CPU
		{D5714340-DF2F-46F2-AC84-17D14FCBA2B7}.Release|Any CPU.Build.0 = Release|Any CPU
		{D5714340-DF2F-46F2-AC84-17D14FCBA2B7}.Release|arm64.ActiveCfg = Release|Any CPU
		{D5714340-DF2F-46F2-AC84-17D14FCBA2B7}.Release|arm64.Build.0 = Release|Any CPU
		{D5714340-DF2F-46F2-AC84-17D14FCBA2B7}.Release|x64.ActiveCfg = Release|Any CPU
		{D5714340-DF2F-46F2-AC84-17D14FCBA2B7}.Release|x64.Build.0 = Release|Any CPU
		{D5714340-DF2F-46F2-AC84-17D14FCBA2B7}.Release|x86.ActiveCfg = Release|Any CPU
		{D5714340-DF2F-46F2-AC84-17D14FCBA2B7}.Release|x86.Build.0 = Release|Any CPU
		{4136A2AF-137C-4D1D-9FCF-5D7D37316166}.Debug|Any CPU.ActiveCfg = Debug|Any CPU
		{4136A2AF-137C-4D1D-9FCF-5D7D37316166}.Debug|Any CPU.Build.0 = Debug|Any CPU
		{4136A2AF-137C-4D1D-9FCF-5D7D37316166}.Debug|arm64.ActiveCfg = Debug|Any CPU
		{4136A2AF-137C-4D1D-9FCF-5D7D37316166}.Debug|arm64.Build.0 = Debug|Any CPU
		{4136A2AF-137C-4D1D-9FCF-5D7D37316166}.Debug|x64.ActiveCfg = Debug|Any CPU
		{4136A2AF-137C-4D1D-9FCF-5D7D37316166}.Debug|x64.Build.0 = Debug|Any CPU
		{4136A2AF-137C-4D1D-9FCF-5D7D37316166}.Debug|x86.ActiveCfg = Debug|Any CPU
		{4136A2AF-137C-4D1D-9FCF-5D7D37316166}.Debug|x86.Build.0 = Debug|Any CPU
		{4136A2AF-137C-4D1D-9FCF-5D7D37316166}.Release|Any CPU.ActiveCfg = Release|Any CPU
		{4136A2AF-137C-4D1D-9FCF-5D7D37316166}.Release|Any CPU.Build.0 = Release|Any CPU
		{4136A2AF-137C-4D1D-9FCF-5D7D37316166}.Release|arm64.ActiveCfg = Release|Any CPU
		{4136A2AF-137C-4D1D-9FCF-5D7D37316166}.Release|arm64.Build.0 = Release|Any CPU
		{4136A2AF-137C-4D1D-9FCF-5D7D37316166}.Release|x64.ActiveCfg = Release|Any CPU
		{4136A2AF-137C-4D1D-9FCF-5D7D37316166}.Release|x64.Build.0 = Release|Any CPU
		{4136A2AF-137C-4D1D-9FCF-5D7D37316166}.Release|x86.ActiveCfg = Release|Any CPU
		{4136A2AF-137C-4D1D-9FCF-5D7D37316166}.Release|x86.Build.0 = Release|Any CPU
		{44455C4B-D489-48D6-9E64-AD6EC3577723}.Debug|Any CPU.ActiveCfg = Debug|Any CPU
		{44455C4B-D489-48D6-9E64-AD6EC3577723}.Debug|Any CPU.Build.0 = Debug|Any CPU
		{44455C4B-D489-48D6-9E64-AD6EC3577723}.Debug|arm64.ActiveCfg = Debug|Any CPU
		{44455C4B-D489-48D6-9E64-AD6EC3577723}.Debug|arm64.Build.0 = Debug|Any CPU
		{44455C4B-D489-48D6-9E64-AD6EC3577723}.Debug|x64.ActiveCfg = Debug|Any CPU
		{44455C4B-D489-48D6-9E64-AD6EC3577723}.Debug|x64.Build.0 = Debug|Any CPU
		{44455C4B-D489-48D6-9E64-AD6EC3577723}.Debug|x86.ActiveCfg = Debug|Any CPU
		{44455C4B-D489-48D6-9E64-AD6EC3577723}.Debug|x86.Build.0 = Debug|Any CPU
		{44455C4B-D489-48D6-9E64-AD6EC3577723}.Release|Any CPU.ActiveCfg = Release|Any CPU
		{44455C4B-D489-48D6-9E64-AD6EC3577723}.Release|Any CPU.Build.0 = Release|Any CPU
		{44455C4B-D489-48D6-9E64-AD6EC3577723}.Release|arm64.ActiveCfg = Release|Any CPU
		{44455C4B-D489-48D6-9E64-AD6EC3577723}.Release|arm64.Build.0 = Release|Any CPU
		{44455C4B-D489-48D6-9E64-AD6EC3577723}.Release|x64.ActiveCfg = Release|Any CPU
		{44455C4B-D489-48D6-9E64-AD6EC3577723}.Release|x64.Build.0 = Release|Any CPU
		{44455C4B-D489-48D6-9E64-AD6EC3577723}.Release|x86.ActiveCfg = Release|Any CPU
		{44455C4B-D489-48D6-9E64-AD6EC3577723}.Release|x86.Build.0 = Release|Any CPU
		{DA9FA7FB-857C-47FC-A9F6-5A52F471C701}.Debug|Any CPU.ActiveCfg = Debug|Any CPU
		{DA9FA7FB-857C-47FC-A9F6-5A52F471C701}.Debug|Any CPU.Build.0 = Debug|Any CPU
		{DA9FA7FB-857C-47FC-A9F6-5A52F471C701}.Debug|arm64.ActiveCfg = Debug|Any CPU
		{DA9FA7FB-857C-47FC-A9F6-5A52F471C701}.Debug|arm64.Build.0 = Debug|Any CPU
		{DA9FA7FB-857C-47FC-A9F6-5A52F471C701}.Debug|x64.ActiveCfg = Debug|Any CPU
		{DA9FA7FB-857C-47FC-A9F6-5A52F471C701}.Debug|x64.Build.0 = Debug|Any CPU
		{DA9FA7FB-857C-47FC-A9F6-5A52F471C701}.Debug|x86.ActiveCfg = Debug|Any CPU
		{DA9FA7FB-857C-47FC-A9F6-5A52F471C701}.Debug|x86.Build.0 = Debug|Any CPU
		{DA9FA7FB-857C-47FC-A9F6-5A52F471C701}.Release|Any CPU.ActiveCfg = Release|Any CPU
		{DA9FA7FB-857C-47FC-A9F6-5A52F471C701}.Release|Any CPU.Build.0 = Release|Any CPU
		{DA9FA7FB-857C-47FC-A9F6-5A52F471C701}.Release|arm64.ActiveCfg = Release|Any CPU
		{DA9FA7FB-857C-47FC-A9F6-5A52F471C701}.Release|arm64.Build.0 = Release|Any CPU
		{DA9FA7FB-857C-47FC-A9F6-5A52F471C701}.Release|x64.ActiveCfg = Release|Any CPU
		{DA9FA7FB-857C-47FC-A9F6-5A52F471C701}.Release|x64.Build.0 = Release|Any CPU
		{DA9FA7FB-857C-47FC-A9F6-5A52F471C701}.Release|x86.ActiveCfg = Release|Any CPU
		{DA9FA7FB-857C-47FC-A9F6-5A52F471C701}.Release|x86.Build.0 = Release|Any CPU
		{FDDEE343-33B0-4F60-820F-56513C4C7AAF}.Debug|Any CPU.ActiveCfg = Debug|Any CPU
		{FDDEE343-33B0-4F60-820F-56513C4C7AAF}.Debug|Any CPU.Build.0 = Debug|Any CPU
		{FDDEE343-33B0-4F60-820F-56513C4C7AAF}.Debug|arm64.ActiveCfg = Debug|Any CPU
		{FDDEE343-33B0-4F60-820F-56513C4C7AAF}.Debug|arm64.Build.0 = Debug|Any CPU
		{FDDEE343-33B0-4F60-820F-56513C4C7AAF}.Debug|x64.ActiveCfg = Debug|Any CPU
		{FDDEE343-33B0-4F60-820F-56513C4C7AAF}.Debug|x64.Build.0 = Debug|Any CPU
		{FDDEE343-33B0-4F60-820F-56513C4C7AAF}.Debug|x86.ActiveCfg = Debug|Any CPU
		{FDDEE343-33B0-4F60-820F-56513C4C7AAF}.Debug|x86.Build.0 = Debug|Any CPU
		{FDDEE343-33B0-4F60-820F-56513C4C7AAF}.Release|Any CPU.ActiveCfg = Release|Any CPU
		{FDDEE343-33B0-4F60-820F-56513C4C7AAF}.Release|Any CPU.Build.0 = Release|Any CPU
		{FDDEE343-33B0-4F60-820F-56513C4C7AAF}.Release|arm64.ActiveCfg = Release|Any CPU
		{FDDEE343-33B0-4F60-820F-56513C4C7AAF}.Release|arm64.Build.0 = Release|Any CPU
		{FDDEE343-33B0-4F60-820F-56513C4C7AAF}.Release|x64.ActiveCfg = Release|Any CPU
		{FDDEE343-33B0-4F60-820F-56513C4C7AAF}.Release|x64.Build.0 = Release|Any CPU
		{FDDEE343-33B0-4F60-820F-56513C4C7AAF}.Release|x86.ActiveCfg = Release|Any CPU
		{FDDEE343-33B0-4F60-820F-56513C4C7AAF}.Release|x86.Build.0 = Release|Any CPU
		{25A032A7-70C9-4112-AB03-3998951866E0}.Debug|Any CPU.ActiveCfg = Debug|Any CPU
		{25A032A7-70C9-4112-AB03-3998951866E0}.Debug|Any CPU.Build.0 = Debug|Any CPU
		{25A032A7-70C9-4112-AB03-3998951866E0}.Debug|arm64.ActiveCfg = Debug|Any CPU
		{25A032A7-70C9-4112-AB03-3998951866E0}.Debug|arm64.Build.0 = Debug|Any CPU
		{25A032A7-70C9-4112-AB03-3998951866E0}.Debug|x64.ActiveCfg = Debug|Any CPU
		{25A032A7-70C9-4112-AB03-3998951866E0}.Debug|x64.Build.0 = Debug|Any CPU
		{25A032A7-70C9-4112-AB03-3998951866E0}.Debug|x86.ActiveCfg = Debug|Any CPU
		{25A032A7-70C9-4112-AB03-3998951866E0}.Debug|x86.Build.0 = Debug|Any CPU
		{25A032A7-70C9-4112-AB03-3998951866E0}.Release|Any CPU.ActiveCfg = Release|Any CPU
		{25A032A7-70C9-4112-AB03-3998951866E0}.Release|Any CPU.Build.0 = Release|Any CPU
		{25A032A7-70C9-4112-AB03-3998951866E0}.Release|arm64.ActiveCfg = Release|Any CPU
		{25A032A7-70C9-4112-AB03-3998951866E0}.Release|arm64.Build.0 = Release|Any CPU
		{25A032A7-70C9-4112-AB03-3998951866E0}.Release|x64.ActiveCfg = Release|Any CPU
		{25A032A7-70C9-4112-AB03-3998951866E0}.Release|x64.Build.0 = Release|Any CPU
		{25A032A7-70C9-4112-AB03-3998951866E0}.Release|x86.ActiveCfg = Release|Any CPU
		{25A032A7-70C9-4112-AB03-3998951866E0}.Release|x86.Build.0 = Release|Any CPU
		{278F8EFF-E1B9-48BE-80F8-A735D498106E}.Debug|Any CPU.ActiveCfg = Debug|Any CPU
		{278F8EFF-E1B9-48BE-80F8-A735D498106E}.Debug|Any CPU.Build.0 = Debug|Any CPU
		{278F8EFF-E1B9-48BE-80F8-A735D498106E}.Debug|arm64.ActiveCfg = Debug|Any CPU
		{278F8EFF-E1B9-48BE-80F8-A735D498106E}.Debug|arm64.Build.0 = Debug|Any CPU
		{278F8EFF-E1B9-48BE-80F8-A735D498106E}.Debug|x64.ActiveCfg = Debug|Any CPU
		{278F8EFF-E1B9-48BE-80F8-A735D498106E}.Debug|x64.Build.0 = Debug|Any CPU
		{278F8EFF-E1B9-48BE-80F8-A735D498106E}.Debug|x86.ActiveCfg = Debug|Any CPU
		{278F8EFF-E1B9-48BE-80F8-A735D498106E}.Debug|x86.Build.0 = Debug|Any CPU
		{278F8EFF-E1B9-48BE-80F8-A735D498106E}.Release|Any CPU.ActiveCfg = Release|Any CPU
		{278F8EFF-E1B9-48BE-80F8-A735D498106E}.Release|Any CPU.Build.0 = Release|Any CPU
		{278F8EFF-E1B9-48BE-80F8-A735D498106E}.Release|arm64.ActiveCfg = Release|Any CPU
		{278F8EFF-E1B9-48BE-80F8-A735D498106E}.Release|arm64.Build.0 = Release|Any CPU
		{278F8EFF-E1B9-48BE-80F8-A735D498106E}.Release|x64.ActiveCfg = Release|Any CPU
		{278F8EFF-E1B9-48BE-80F8-A735D498106E}.Release|x64.Build.0 = Release|Any CPU
		{278F8EFF-E1B9-48BE-80F8-A735D498106E}.Release|x86.ActiveCfg = Release|Any CPU
		{278F8EFF-E1B9-48BE-80F8-A735D498106E}.Release|x86.Build.0 = Release|Any CPU
		{BBE4C908-5D4D-4B0D-8A68-F2D04799CFFE}.Debug|Any CPU.ActiveCfg = Debug|Any CPU
		{BBE4C908-5D4D-4B0D-8A68-F2D04799CFFE}.Debug|Any CPU.Build.0 = Debug|Any CPU
		{BBE4C908-5D4D-4B0D-8A68-F2D04799CFFE}.Debug|arm64.ActiveCfg = Debug|Any CPU
		{BBE4C908-5D4D-4B0D-8A68-F2D04799CFFE}.Debug|arm64.Build.0 = Debug|Any CPU
		{BBE4C908-5D4D-4B0D-8A68-F2D04799CFFE}.Debug|x64.ActiveCfg = Debug|Any CPU
		{BBE4C908-5D4D-4B0D-8A68-F2D04799CFFE}.Debug|x64.Build.0 = Debug|Any CPU
		{BBE4C908-5D4D-4B0D-8A68-F2D04799CFFE}.Debug|x86.ActiveCfg = Debug|Any CPU
		{BBE4C908-5D4D-4B0D-8A68-F2D04799CFFE}.Debug|x86.Build.0 = Debug|Any CPU
		{BBE4C908-5D4D-4B0D-8A68-F2D04799CFFE}.Release|Any CPU.ActiveCfg = Release|Any CPU
		{BBE4C908-5D4D-4B0D-8A68-F2D04799CFFE}.Release|Any CPU.Build.0 = Release|Any CPU
		{BBE4C908-5D4D-4B0D-8A68-F2D04799CFFE}.Release|arm64.ActiveCfg = Release|Any CPU
		{BBE4C908-5D4D-4B0D-8A68-F2D04799CFFE}.Release|arm64.Build.0 = Release|Any CPU
		{BBE4C908-5D4D-4B0D-8A68-F2D04799CFFE}.Release|x64.ActiveCfg = Release|Any CPU
		{BBE4C908-5D4D-4B0D-8A68-F2D04799CFFE}.Release|x64.Build.0 = Release|Any CPU
		{BBE4C908-5D4D-4B0D-8A68-F2D04799CFFE}.Release|x86.ActiveCfg = Release|Any CPU
		{BBE4C908-5D4D-4B0D-8A68-F2D04799CFFE}.Release|x86.Build.0 = Release|Any CPU
		{3DDB76F8-BBC5-4571-A26A-05CFEEB09421}.Debug|Any CPU.ActiveCfg = Debug|Any CPU
		{3DDB76F8-BBC5-4571-A26A-05CFEEB09421}.Debug|Any CPU.Build.0 = Debug|Any CPU
		{3DDB76F8-BBC5-4571-A26A-05CFEEB09421}.Debug|arm64.ActiveCfg = Debug|Any CPU
		{3DDB76F8-BBC5-4571-A26A-05CFEEB09421}.Debug|arm64.Build.0 = Debug|Any CPU
		{3DDB76F8-BBC5-4571-A26A-05CFEEB09421}.Debug|x64.ActiveCfg = Debug|Any CPU
		{3DDB76F8-BBC5-4571-A26A-05CFEEB09421}.Debug|x64.Build.0 = Debug|Any CPU
		{3DDB76F8-BBC5-4571-A26A-05CFEEB09421}.Debug|x86.ActiveCfg = Debug|Any CPU
		{3DDB76F8-BBC5-4571-A26A-05CFEEB09421}.Debug|x86.Build.0 = Debug|Any CPU
		{3DDB76F8-BBC5-4571-A26A-05CFEEB09421}.Release|Any CPU.ActiveCfg = Release|Any CPU
		{3DDB76F8-BBC5-4571-A26A-05CFEEB09421}.Release|Any CPU.Build.0 = Release|Any CPU
		{3DDB76F8-BBC5-4571-A26A-05CFEEB09421}.Release|arm64.ActiveCfg = Release|Any CPU
		{3DDB76F8-BBC5-4571-A26A-05CFEEB09421}.Release|arm64.Build.0 = Release|Any CPU
		{3DDB76F8-BBC5-4571-A26A-05CFEEB09421}.Release|x64.ActiveCfg = Release|Any CPU
		{3DDB76F8-BBC5-4571-A26A-05CFEEB09421}.Release|x64.Build.0 = Release|Any CPU
		{3DDB76F8-BBC5-4571-A26A-05CFEEB09421}.Release|x86.ActiveCfg = Release|Any CPU
		{3DDB76F8-BBC5-4571-A26A-05CFEEB09421}.Release|x86.Build.0 = Release|Any CPU
		{E5838836-BA46-4CB1-8537-28CD7FF55954}.Debug|Any CPU.ActiveCfg = Debug|Any CPU
		{E5838836-BA46-4CB1-8537-28CD7FF55954}.Debug|Any CPU.Build.0 = Debug|Any CPU
		{E5838836-BA46-4CB1-8537-28CD7FF55954}.Debug|arm64.ActiveCfg = Debug|Any CPU
		{E5838836-BA46-4CB1-8537-28CD7FF55954}.Debug|arm64.Build.0 = Debug|Any CPU
		{E5838836-BA46-4CB1-8537-28CD7FF55954}.Debug|x64.ActiveCfg = Debug|Any CPU
		{E5838836-BA46-4CB1-8537-28CD7FF55954}.Debug|x64.Build.0 = Debug|Any CPU
		{E5838836-BA46-4CB1-8537-28CD7FF55954}.Debug|x86.ActiveCfg = Debug|Any CPU
		{E5838836-BA46-4CB1-8537-28CD7FF55954}.Debug|x86.Build.0 = Debug|Any CPU
		{E5838836-BA46-4CB1-8537-28CD7FF55954}.Release|Any CPU.ActiveCfg = Release|Any CPU
		{E5838836-BA46-4CB1-8537-28CD7FF55954}.Release|Any CPU.Build.0 = Release|Any CPU
		{E5838836-BA46-4CB1-8537-28CD7FF55954}.Release|arm64.ActiveCfg = Release|Any CPU
		{E5838836-BA46-4CB1-8537-28CD7FF55954}.Release|arm64.Build.0 = Release|Any CPU
		{E5838836-BA46-4CB1-8537-28CD7FF55954}.Release|x64.ActiveCfg = Release|Any CPU
		{E5838836-BA46-4CB1-8537-28CD7FF55954}.Release|x64.Build.0 = Release|Any CPU
		{E5838836-BA46-4CB1-8537-28CD7FF55954}.Release|x86.ActiveCfg = Release|Any CPU
		{E5838836-BA46-4CB1-8537-28CD7FF55954}.Release|x86.Build.0 = Release|Any CPU
		{6BAC8909-F86A-4D73-8E02-EB3120FEBC91}.Debug|Any CPU.ActiveCfg = Debug|Any CPU
		{6BAC8909-F86A-4D73-8E02-EB3120FEBC91}.Debug|Any CPU.Build.0 = Debug|Any CPU
		{6BAC8909-F86A-4D73-8E02-EB3120FEBC91}.Debug|arm64.ActiveCfg = Debug|Any CPU
		{6BAC8909-F86A-4D73-8E02-EB3120FEBC91}.Debug|arm64.Build.0 = Debug|Any CPU
		{6BAC8909-F86A-4D73-8E02-EB3120FEBC91}.Debug|x64.ActiveCfg = Debug|Any CPU
		{6BAC8909-F86A-4D73-8E02-EB3120FEBC91}.Debug|x64.Build.0 = Debug|Any CPU
		{6BAC8909-F86A-4D73-8E02-EB3120FEBC91}.Debug|x86.ActiveCfg = Debug|Any CPU
		{6BAC8909-F86A-4D73-8E02-EB3120FEBC91}.Debug|x86.Build.0 = Debug|Any CPU
		{6BAC8909-F86A-4D73-8E02-EB3120FEBC91}.Release|Any CPU.ActiveCfg = Release|Any CPU
		{6BAC8909-F86A-4D73-8E02-EB3120FEBC91}.Release|Any CPU.Build.0 = Release|Any CPU
		{6BAC8909-F86A-4D73-8E02-EB3120FEBC91}.Release|arm64.ActiveCfg = Release|Any CPU
		{6BAC8909-F86A-4D73-8E02-EB3120FEBC91}.Release|arm64.Build.0 = Release|Any CPU
		{6BAC8909-F86A-4D73-8E02-EB3120FEBC91}.Release|x64.ActiveCfg = Release|Any CPU
		{6BAC8909-F86A-4D73-8E02-EB3120FEBC91}.Release|x64.Build.0 = Release|Any CPU
		{6BAC8909-F86A-4D73-8E02-EB3120FEBC91}.Release|x86.ActiveCfg = Release|Any CPU
		{6BAC8909-F86A-4D73-8E02-EB3120FEBC91}.Release|x86.Build.0 = Release|Any CPU
		{5C8173F5-63D1-41AB-A6CC-C7CA2F72A21A}.Debug|Any CPU.ActiveCfg = Debug|Any CPU
		{5C8173F5-63D1-41AB-A6CC-C7CA2F72A21A}.Debug|Any CPU.Build.0 = Debug|Any CPU
		{5C8173F5-63D1-41AB-A6CC-C7CA2F72A21A}.Debug|arm64.ActiveCfg = Debug|Any CPU
		{5C8173F5-63D1-41AB-A6CC-C7CA2F72A21A}.Debug|arm64.Build.0 = Debug|Any CPU
		{5C8173F5-63D1-41AB-A6CC-C7CA2F72A21A}.Debug|x64.ActiveCfg = Debug|Any CPU
		{5C8173F5-63D1-41AB-A6CC-C7CA2F72A21A}.Debug|x64.Build.0 = Debug|Any CPU
		{5C8173F5-63D1-41AB-A6CC-C7CA2F72A21A}.Debug|x86.ActiveCfg = Debug|Any CPU
		{5C8173F5-63D1-41AB-A6CC-C7CA2F72A21A}.Debug|x86.Build.0 = Debug|Any CPU
		{5C8173F5-63D1-41AB-A6CC-C7CA2F72A21A}.Release|Any CPU.ActiveCfg = Release|Any CPU
		{5C8173F5-63D1-41AB-A6CC-C7CA2F72A21A}.Release|Any CPU.Build.0 = Release|Any CPU
		{5C8173F5-63D1-41AB-A6CC-C7CA2F72A21A}.Release|arm64.ActiveCfg = Release|Any CPU
		{5C8173F5-63D1-41AB-A6CC-C7CA2F72A21A}.Release|arm64.Build.0 = Release|Any CPU
		{5C8173F5-63D1-41AB-A6CC-C7CA2F72A21A}.Release|x64.ActiveCfg = Release|Any CPU
		{5C8173F5-63D1-41AB-A6CC-C7CA2F72A21A}.Release|x64.Build.0 = Release|Any CPU
		{5C8173F5-63D1-41AB-A6CC-C7CA2F72A21A}.Release|x86.ActiveCfg = Release|Any CPU
		{5C8173F5-63D1-41AB-A6CC-C7CA2F72A21A}.Release|x86.Build.0 = Release|Any CPU
	EndGlobalSection
	GlobalSection(SolutionProperties) = preSolution
		HideSolutionNode = FALSE
	EndGlobalSection
	GlobalSection(NestedProjects) = preSolution
		{3A9DBE19-7388-4C56-9B63-9305878197D5} = {C1A7C64D-A361-48A0-8F02-504BF70D64FF}
		{2185E812-B371-47AA-B66A-ADDBB7F4DFF0} = {C1A7C64D-A361-48A0-8F02-504BF70D64FF}
		{C5AD76DC-018C-496B-9050-59AF96B11D28} = {C1A7C64D-A361-48A0-8F02-504BF70D64FF}
		{6C92D9DC-CA80-42F8-8495-88907F18D386} = {A2B461CA-6E0B-4818-A255-13278D36B565}
		{5B7BBBD2-4A2E-4294-98F1-9C302C5E4FCC} = {A2B461CA-6E0B-4818-A255-13278D36B565}
		{BCA6EB8E-5BD9-4311-A8A0-AB9BA9CE99F9} = {2E43A40B-BF0C-4A31-9EC2-BBC300FC0D13}
		{42273C9E-A8E9-4E0B-B60F-63ED03477CFD} = {2E43A40B-BF0C-4A31-9EC2-BBC300FC0D13}
		{D85F2B7B-DCB7-4587-9DB4-C76889A46FB7} = {C9D43235-1D43-41A2-88DE-1BFADB7A44C4}
		{0F4CF618-80A7-4190-8E1D-78012CD49BDD} = {C9D43235-1D43-41A2-88DE-1BFADB7A44C4}
		{61AA6181-4935-4C64-BDEC-374AFC0CB8A8} = {C9D43235-1D43-41A2-88DE-1BFADB7A44C4}
		{F2EF26FC-779D-4D6E-A05F-02F03EBEF575} = {B80C571F-9477-4C1A-B9C9-E00039E1FA56}
		{773B81B2-19D8-4714-83A5-C48291F043B4} = {36A5E830-6B37-4938-A14F-4FC075065D7E}
		{8CA23C38-FF7F-4F2F-8489-5BF40673FB50} = {16A10B0F-8B97-46A1-A203-8D970F78AECE}
		{F85D0806-3850-4D77-B754-A02D9F4FD02B} = {078D0845-AB95-41A0-BF9A-F97424856FDE}
		{5CCDD9D3-9F33-4115-B888-193C8445F4E9} = {C9D43235-1D43-41A2-88DE-1BFADB7A44C4}
		{2E43A40B-BF0C-4A31-9EC2-BBC300FC0D13} = {695B6E77-1264-4E27-A3CE-92E8EA4F034E}
		{A2B461CA-6E0B-4818-A255-13278D36B565} = {695B6E77-1264-4E27-A3CE-92E8EA4F034E}
		{C9D43235-1D43-41A2-88DE-1BFADB7A44C4} = {695B6E77-1264-4E27-A3CE-92E8EA4F034E}
		{16A10B0F-8B97-46A1-A203-8D970F78AECE} = {22FEB4EC-2AD9-4A3A-B994-1CAE83FED624}
		{36A5E830-6B37-4938-A14F-4FC075065D7E} = {22FEB4EC-2AD9-4A3A-B994-1CAE83FED624}
		{B80C571F-9477-4C1A-B9C9-E00039E1FA56} = {22FEB4EC-2AD9-4A3A-B994-1CAE83FED624}
		{B2142AE1-DB4C-40B3-BBC8-090E7219AF03} = {22FEB4EC-2AD9-4A3A-B994-1CAE83FED624}
		{2B1F79C4-E8C7-4B0F-BA02-C1FFDAE63222} = {22FEB4EC-2AD9-4A3A-B994-1CAE83FED624}
		{078D0845-AB95-41A0-BF9A-F97424856FDE} = {22FEB4EC-2AD9-4A3A-B994-1CAE83FED624}
		{C6C07FF4-F3E5-47D2-951B-1E4E659ACAAD} = {22FEB4EC-2AD9-4A3A-B994-1CAE83FED624}
		{D640B8C5-54FC-44B4-8C06-4236CB0E0732} = {22FEB4EC-2AD9-4A3A-B994-1CAE83FED624}
		{2495962B-5B43-4583-B5E0-0AF51694ACF2} = {B80C571F-9477-4C1A-B9C9-E00039E1FA56}
		{2676CBA5-8575-4562-9A29-EB7363635EC5} = {C1A7C64D-A361-48A0-8F02-504BF70D64FF}
		{9789EEC7-8247-41B7-87BD-C4269817CF2B} = {982135B1-63CB-4BD2-BE1E-B89F2CB427F7}
		{CE89CAE5-C61B-48B5-9A24-C67445915CA9} = {C9D43235-1D43-41A2-88DE-1BFADB7A44C4}
		{982135B1-63CB-4BD2-BE1E-B89F2CB427F7} = {861C8EBE-9522-45BA-8A61-B2CDBEFD28D9}
		{9D2D592B-0C41-4271-B6C0-119746F589E7} = {982135B1-63CB-4BD2-BE1E-B89F2CB427F7}
		{EC3F6273-86C7-43EC-947D-E826BD1F2E40} = {16A10B0F-8B97-46A1-A203-8D970F78AECE}
		{C4EFEFEF-81F7-4FBD-888F-EFA396B795EA} = {16A10B0F-8B97-46A1-A203-8D970F78AECE}
		{8CB61F9D-9147-4B94-8852-28B16086B8C1} = {16A10B0F-8B97-46A1-A203-8D970F78AECE}
		{2EA05AFE-2AAE-4568-9770-9C1EF6D697D0} = {16A10B0F-8B97-46A1-A203-8D970F78AECE}
		{49D2217C-85BD-4A89-8E5E-3CD126F57F0B} = {C1A7C64D-A361-48A0-8F02-504BF70D64FF}
		{664F1FAB-CCB3-4C17-89D2-64A636C1A32B} = {B80C571F-9477-4C1A-B9C9-E00039E1FA56}
		{6F4886DA-A9E3-4706-B88D-99CDE530BE96} = {B80C571F-9477-4C1A-B9C9-E00039E1FA56}
		{BF7C92EE-603E-43D8-9C21-FA186FA2199D} = {B80C571F-9477-4C1A-B9C9-E00039E1FA56}
		{05C744EA-2E3B-4B23-99E4-01897DFBA94B} = {C1A7C64D-A361-48A0-8F02-504BF70D64FF}
		{6279C845-92F8-4333-AB99-3D213163593C} = {053782CF-9B46-45A0-B41D-00D5E70A7928}
		{D4FF3105-EA33-4B36-80E1-78787327FD00} = {053782CF-9B46-45A0-B41D-00D5E70A7928}
		{266AE59C-ECA5-4F07-9D0D-FF657B7BCFF6} = {053782CF-9B46-45A0-B41D-00D5E70A7928}
		{B16237E8-61A3-49AB-9FF0-F80842899AC6} = {053782CF-9B46-45A0-B41D-00D5E70A7928}
		{C06B2334-1106-4CEA-A717-BEF000CC0777} = {053782CF-9B46-45A0-B41D-00D5E70A7928}
		{F053E912-8B07-4890-B648-BF54914CFBC0} = {053782CF-9B46-45A0-B41D-00D5E70A7928}
		{D5714340-DF2F-46F2-AC84-17D14FCBA2B7} = {36A5E830-6B37-4938-A14F-4FC075065D7E}
		{4136A2AF-137C-4D1D-9FCF-5D7D37316166} = {36A5E830-6B37-4938-A14F-4FC075065D7E}
		{44455C4B-D489-48D6-9E64-AD6EC3577723} = {36A5E830-6B37-4938-A14F-4FC075065D7E}
		{DA9FA7FB-857C-47FC-A9F6-5A52F471C701} = {36A5E830-6B37-4938-A14F-4FC075065D7E}
		{FDDEE343-33B0-4F60-820F-56513C4C7AAF} = {053782CF-9B46-45A0-B41D-00D5E70A7928}
		{25A032A7-70C9-4112-AB03-3998951866E0} = {982135B1-63CB-4BD2-BE1E-B89F2CB427F7}
		{278F8EFF-E1B9-48BE-80F8-A735D498106E} = {078D0845-AB95-41A0-BF9A-F97424856FDE}
		{BBE4C908-5D4D-4B0D-8A68-F2D04799CFFE} = {B2142AE1-DB4C-40B3-BBC8-090E7219AF03}
		{3DDB76F8-BBC5-4571-A26A-05CFEEB09421} = {B2142AE1-DB4C-40B3-BBC8-090E7219AF03}
		{E5838836-BA46-4CB1-8537-28CD7FF55954} = {B2142AE1-DB4C-40B3-BBC8-090E7219AF03}
		{6BAC8909-F86A-4D73-8E02-EB3120FEBC91} = {B2142AE1-DB4C-40B3-BBC8-090E7219AF03}
		{5C8173F5-63D1-41AB-A6CC-C7CA2F72A21A} = {B2142AE1-DB4C-40B3-BBC8-090E7219AF03}
	EndGlobalSection
	GlobalSection(ExtensibilityGlobals) = postSolution
		SolutionGuid = {EBC09307-04B7-4AB6-82F8-B48680797DAA}
		RESX_NeutralResourcesLanguage = ru
		RESX_ResXSortingComparison = InvariantCulture
	EndGlobalSection
EndGlobal
