
Microsoft Visual Studio Solution File, Format Version 12.00
# Visual Studio Version 17
VisualStudioVersion = 17.0.31612.314
MinimumVisualStudioVersion = 10.0.40219.1
Project("{9A19103F-16F7-4668-BE54-9A1E7A4F7556}") = "AndNetwork9.Server", "AndNetwork9\Server\AndNetwork9.Server.csproj", "{CC4B52C5-2F52-45ED-B4DE-0963FA388162}"
EndProject
Project("{9A19103F-16F7-4668-BE54-9A1E7A4F7556}") = "AndNetwork9.Shared", "AndNetwork9\Shared\AndNetwork9.Shared.csproj", "{E787911C-5DCA-4D13-9622-A350FC8106C9}"
EndProject
Project("{9A19103F-16F7-4668-BE54-9A1E7A4F7556}") = "AndNetwork9.Shared.Backend", "AndNetwork9\Shared.Backend\AndNetwork9.Shared.Backend.csproj", "{7C463A50-6FBA-4416-815E-1E5F41F685CC}"
EndProject
Project("{9A19103F-16F7-4668-BE54-9A1E7A4F7556}") = "AndNetwork9.Discord", "AndNetwork9\Discord\AndNetwork9.Discord.csproj", "{2CEA19E6-16DB-43D2-89DF-8BE676B55490}"
EndProject
Project("{E53339B2-1760-4266-BCC7-CA923CBCF16C}") = "docker-compose", "docker-compose.dcproj", "{A3533C6E-1181-43FB-96BE-7F4BF5036256}"
EndProject
Project("{9A19103F-16F7-4668-BE54-9A1E7A4F7556}") = "AndNetwork9.Storage", "AndNetwork9\Storage\AndNetwork9.Storage.csproj", "{8CEC3A1F-9147-4442-8F78-9835AFBA1FE5}"
EndProject
Project("{9A19103F-16F7-4668-BE54-9A1E7A4F7556}") = "AndNetwork9.Elections", "AndNetwork9\Elections\AndNetwork9.Elections.csproj", "{1835443F-B83E-4A8A-8C77-E13941624265}"
EndProject
Project("{9A19103F-16F7-4668-BE54-9A1E7A4F7556}") = "AndNetwork9.Client", "AndNetwork9\Client\AndNetwork9.Client.csproj", "{058B04C7-C0BB-42C9-8242-6F6CC67DEBF1}"
EndProject
Project("{2150E333-8FDC-42A3-9474-1A3956D46DE8}") = "Solution Items", "Solution Items", "{B4F714DF-E367-40BE-8331-2E8B75E53503}"
	ProjectSection(SolutionItems) = preProject
		README.md = README.md
	EndProjectSection
EndProject
Project("{9A19103F-16F7-4668-BE54-9A1E7A4F7556}") = "AndNetwork9.Steam", "AndNetwork9\Steam\AndNetwork9.Steam.csproj", "{4D039393-2A2A-41AA-944E-6FD5B4217411}"
EndProject
Project("{9A19103F-16F7-4668-BE54-9A1E7A4F7556}") = "AndNetwork9.AwardDispenser", "AndNetwork9\AwardDispenser\AndNetwork9.AwardDispenser.csproj", "{7F8F337D-0DA6-455B-8B2E-82EF3D33B1F0}"
EndProject
Project("{9A19103F-16F7-4668-BE54-9A1E7A4F7556}") = "AndNetwork9.VK", "AndNetwork9\VK\AndNetwork9.VK.csproj", "{B7C0A09A-7F53-4712-AF4D-B658E61A2863}"
EndProject
Global
	GlobalSection(SolutionConfigurationPlatforms) = preSolution
		Debug|Any CPU = Debug|Any CPU
		Release|Any CPU = Release|Any CPU
	EndGlobalSection
	GlobalSection(ProjectConfigurationPlatforms) = postSolution
		{CC4B52C5-2F52-45ED-B4DE-0963FA388162}.Debug|Any CPU.ActiveCfg = Debug|Any CPU
		{CC4B52C5-2F52-45ED-B4DE-0963FA388162}.Debug|Any CPU.Build.0 = Debug|Any CPU
		{CC4B52C5-2F52-45ED-B4DE-0963FA388162}.Release|Any CPU.ActiveCfg = Release|Any CPU
		{CC4B52C5-2F52-45ED-B4DE-0963FA388162}.Release|Any CPU.Build.0 = Release|Any CPU
		{E787911C-5DCA-4D13-9622-A350FC8106C9}.Debug|Any CPU.ActiveCfg = Debug|Any CPU
		{E787911C-5DCA-4D13-9622-A350FC8106C9}.Debug|Any CPU.Build.0 = Debug|Any CPU
		{E787911C-5DCA-4D13-9622-A350FC8106C9}.Release|Any CPU.ActiveCfg = Release|Any CPU
		{E787911C-5DCA-4D13-9622-A350FC8106C9}.Release|Any CPU.Build.0 = Release|Any CPU
		{7C463A50-6FBA-4416-815E-1E5F41F685CC}.Debug|Any CPU.ActiveCfg = Debug|Any CPU
		{7C463A50-6FBA-4416-815E-1E5F41F685CC}.Debug|Any CPU.Build.0 = Debug|Any CPU
		{7C463A50-6FBA-4416-815E-1E5F41F685CC}.Release|Any CPU.ActiveCfg = Release|Any CPU
		{7C463A50-6FBA-4416-815E-1E5F41F685CC}.Release|Any CPU.Build.0 = Release|Any CPU
		{2CEA19E6-16DB-43D2-89DF-8BE676B55490}.Debug|Any CPU.ActiveCfg = Debug|Any CPU
		{2CEA19E6-16DB-43D2-89DF-8BE676B55490}.Debug|Any CPU.Build.0 = Debug|Any CPU
		{2CEA19E6-16DB-43D2-89DF-8BE676B55490}.Release|Any CPU.ActiveCfg = Release|Any CPU
		{2CEA19E6-16DB-43D2-89DF-8BE676B55490}.Release|Any CPU.Build.0 = Release|Any CPU
		{A3533C6E-1181-43FB-96BE-7F4BF5036256}.Debug|Any CPU.ActiveCfg = Debug|Any CPU
		{A3533C6E-1181-43FB-96BE-7F4BF5036256}.Debug|Any CPU.Build.0 = Debug|Any CPU
		{A3533C6E-1181-43FB-96BE-7F4BF5036256}.Release|Any CPU.ActiveCfg = Release|Any CPU
		{A3533C6E-1181-43FB-96BE-7F4BF5036256}.Release|Any CPU.Build.0 = Release|Any CPU
		{8CEC3A1F-9147-4442-8F78-9835AFBA1FE5}.Debug|Any CPU.ActiveCfg = Debug|Any CPU
		{8CEC3A1F-9147-4442-8F78-9835AFBA1FE5}.Debug|Any CPU.Build.0 = Debug|Any CPU
		{8CEC3A1F-9147-4442-8F78-9835AFBA1FE5}.Release|Any CPU.ActiveCfg = Release|Any CPU
		{8CEC3A1F-9147-4442-8F78-9835AFBA1FE5}.Release|Any CPU.Build.0 = Release|Any CPU
		{1835443F-B83E-4A8A-8C77-E13941624265}.Debug|Any CPU.ActiveCfg = Debug|Any CPU
		{1835443F-B83E-4A8A-8C77-E13941624265}.Debug|Any CPU.Build.0 = Debug|Any CPU
		{1835443F-B83E-4A8A-8C77-E13941624265}.Release|Any CPU.ActiveCfg = Release|Any CPU
		{1835443F-B83E-4A8A-8C77-E13941624265}.Release|Any CPU.Build.0 = Release|Any CPU
		{058B04C7-C0BB-42C9-8242-6F6CC67DEBF1}.Debug|Any CPU.ActiveCfg = Debug|Any CPU
		{058B04C7-C0BB-42C9-8242-6F6CC67DEBF1}.Debug|Any CPU.Build.0 = Debug|Any CPU
		{058B04C7-C0BB-42C9-8242-6F6CC67DEBF1}.Release|Any CPU.ActiveCfg = Release|Any CPU
		{058B04C7-C0BB-42C9-8242-6F6CC67DEBF1}.Release|Any CPU.Build.0 = Release|Any CPU
		{4D039393-2A2A-41AA-944E-6FD5B4217411}.Debug|Any CPU.ActiveCfg = Debug|Any CPU
		{4D039393-2A2A-41AA-944E-6FD5B4217411}.Debug|Any CPU.Build.0 = Debug|Any CPU
		{4D039393-2A2A-41AA-944E-6FD5B4217411}.Release|Any CPU.ActiveCfg = Release|Any CPU
		{4D039393-2A2A-41AA-944E-6FD5B4217411}.Release|Any CPU.Build.0 = Release|Any CPU
		{7F8F337D-0DA6-455B-8B2E-82EF3D33B1F0}.Debug|Any CPU.ActiveCfg = Debug|Any CPU
		{7F8F337D-0DA6-455B-8B2E-82EF3D33B1F0}.Debug|Any CPU.Build.0 = Debug|Any CPU
		{7F8F337D-0DA6-455B-8B2E-82EF3D33B1F0}.Release|Any CPU.ActiveCfg = Release|Any CPU
		{7F8F337D-0DA6-455B-8B2E-82EF3D33B1F0}.Release|Any CPU.Build.0 = Release|Any CPU
		{4D039393-2A2A-41AA-944E-6FD5B4217411}.Release|ARM64.ActiveCfg = Release|Any CPU
		{4D039393-2A2A-41AA-944E-6FD5B4217411}.Release|ARM64.Build.0 = Release|Any CPU
		{B7C0A09A-7F53-4712-AF4D-B658E61A2863}.Debug|Any CPU.ActiveCfg = Debug|Any CPU
		{B7C0A09A-7F53-4712-AF4D-B658E61A2863}.Debug|Any CPU.Build.0 = Debug|Any CPU
		{B7C0A09A-7F53-4712-AF4D-B658E61A2863}.Debug|ARM64.ActiveCfg = Debug|Any CPU
		{B7C0A09A-7F53-4712-AF4D-B658E61A2863}.Debug|ARM64.Build.0 = Debug|Any CPU
		{B7C0A09A-7F53-4712-AF4D-B658E61A2863}.Release|Any CPU.ActiveCfg = Release|Any CPU
		{B7C0A09A-7F53-4712-AF4D-B658E61A2863}.Release|Any CPU.Build.0 = Release|Any CPU
		{B7C0A09A-7F53-4712-AF4D-B658E61A2863}.Release|ARM64.ActiveCfg = Release|Any CPU
		{B7C0A09A-7F53-4712-AF4D-B658E61A2863}.Release|ARM64.Build.0 = Release|Any CPU
	EndGlobalSection
	GlobalSection(SolutionProperties) = preSolution
		HideSolutionNode = FALSE
	EndGlobalSection
	GlobalSection(ExtensibilityGlobals) = postSolution
		SolutionGuid = {3BEDB357-00C4-41D3-95E4-D80BB3F23C76}
	EndGlobalSection
EndGlobal
